PODS:
  - ObjectMapper (2.2.9)
  - OHHTTPStubs (6.0.0):
    - OHHTTPStubs/Default (= 6.0.0)
  - OHHTTPStubs/Core (6.0.0)
  - OHHTTPStubs/Default (6.0.0):
    - OHHTTPStubs/Core
    - OHHTTPStubs/JSON
    - OHHTTPStubs/NSURLSession
    - OHHTTPStubs/OHPathHelpers
  - OHHTTPStubs/JSON (6.0.0):
    - OHHTTPStubs/Core
  - OHHTTPStubs/NSURLSession (6.0.0):
    - OHHTTPStubs/Core
  - OHHTTPStubs/OHPathHelpers (6.0.0)
  - OHHTTPStubs/Swift (6.0.0):
    - OHHTTPStubs/Default
  - PromiseKit/CorePromise (4.4.0)

DEPENDENCIES:
  - ObjectMapper (~> 2.0)
  - ObjectMapper (~> 2.2)
  - OHHTTPStubs
  - OHHTTPStubs/Swift
  - PromiseKit/CorePromise (~> 4.0)
  - PromiseKit/CorePromise (~> 4.4)

SPEC CHECKSUMS:
  ObjectMapper: 63cfe41bc6f8e7c8f44344c49901b8ae7de14c52
  OHHTTPStubs: 752f9b11fd810a15162d50f11c06ff94f8e012eb
  PromiseKit: ecf5fe92275d57ee77c9ede858af47a162e9b97e

PODFILE CHECKSUM: 4c5edb1b5f11f1dd925b8bdd375ad5431b212e6b

COCOAPODS: 1.3.1
