// !$*UTF8*$!
{
	archiveVersion = 1;
	classes = {
	};
	objectVersion = 46;
	objects = {

/* Begin PBXBuildFile section */
		0C7ED84E15E6213553283EE1 /* Pods_TeslaSwift.framework in Frameworks */ = {isa = PBXBuildFile; fileRef = BCCF54A5D3EEC6D742F8BA4D /* Pods_TeslaSwift.framework */; };
		170D32D322D0EBCD00B6A51A /* NearbyChargingSites.swift in Sources */ = {isa = PBXBuildFile; fileRef = 170D32D222D0EBCD00B6A51A /* NearbyChargingSites.swift */; };
		170D32D622D0EE4D00B6A51A /* NearbyChargingSites.swift in Sources */ = {isa = PBXBuildFile; fileRef = 170D32D222D0EBCD00B6A51A /* NearbyChargingSites.swift */; };
		1759B7422228D3210032EB4C /* SentryModeCommandOptions.swift in Sources */ = {isa = PBXBuildFile; fileRef = 1759B7412228D3210032EB4C /* SentryModeCommandOptions.swift */; };
		1759B7432228D3210032EB4C /* SentryModeCommandOptions.swift in Sources */ = {isa = PBXBuildFile; fileRef = 1759B7412228D3210032EB4C /* SentryModeCommandOptions.swift */; };
		176F073B2219E25A000877D7 /* RemoteSeatHeaterRequestOptions.swift in Sources */ = {isa = PBXBuildFile; fileRef = 176F073A2219E25A000877D7 /* RemoteSeatHeaterRequestOptions.swift */; };
		176F073E2219ECF6000877D7 /* RemoteSeatHeaterRequestOptions.swift in Sources */ = {isa = PBXBuildFile; fileRef = 176F073A2219E25A000877D7 /* RemoteSeatHeaterRequestOptions.swift */; };
		1787516D221C393700B840DD /* RemoteSteeringWheelHeaterRequestOptions.swift in Sources */ = {isa = PBXBuildFile; fileRef = 1787516C221C393700B840DD /* RemoteSteeringWheelHeaterRequestOptions.swift */; };
		17875171221C4C7700B840DD /* RemoteSteeringWheelHeaterRequestOptions.swift in Sources */ = {isa = PBXBuildFile; fileRef = 1787516C221C393700B840DD /* RemoteSteeringWheelHeaterRequestOptions.swift */; };
		17CD215C22D1739600AAC7F2 /* NearbyChargingSites.json in Resources */ = {isa = PBXBuildFile; fileRef = 17CD215B22D1739600AAC7F2 /* NearbyChargingSites.json */; };
		1A5ED54C233A2C84001B3809 /* TeslaSwift+Rx.swift in Sources */ = {isa = PBXBuildFile; fileRef = 1A5ED54B233A2C84001B3809 /* TeslaSwift+Rx.swift */; };
		1A5ED54D233A2C8E001B3809 /* TeslaSwift+Rx.swift in Sources */ = {isa = PBXBuildFile; fileRef = 1A5ED54B233A2C84001B3809 /* TeslaSwift+Rx.swift */; };
		1AA6819222DA6FC7002E323F /* Podfile in Resources */ = {isa = PBXBuildFile; fileRef = CF30F95B1C8A2BC20067D3D9 /* Podfile */; };
		1AA73E86235B37560088D66A /* HomeLinkCommandOptions.swift in Sources */ = {isa = PBXBuildFile; fileRef = 1AA73E85235B37560088D66A /* HomeLinkCommandOptions.swift */; };
		1AA73E87235B37560088D66A /* HomeLinkCommandOptions.swift in Sources */ = {isa = PBXBuildFile; fileRef = 1AA73E85235B37560088D66A /* HomeLinkCommandOptions.swift */; };
		1AA73E89235B3A960088D66A /* WindowControlCommandOptions.swift in Sources */ = {isa = PBXBuildFile; fileRef = 1AA73E88235B3A960088D66A /* WindowControlCommandOptions.swift */; };
		1AA73E8A235B3A960088D66A /* WindowControlCommandOptions.swift in Sources */ = {isa = PBXBuildFile; fileRef = 1AA73E88235B3A960088D66A /* WindowControlCommandOptions.swift */; };
		1AA73E8C235B3FA40088D66A /* MaxDefrostCommandOptions.swift in Sources */ = {isa = PBXBuildFile; fileRef = 1AA73E8B235B3FA40088D66A /* MaxDefrostCommandOptions.swift */; };
		1AA73E8D235B3FA40088D66A /* MaxDefrostCommandOptions.swift in Sources */ = {isa = PBXBuildFile; fileRef = 1AA73E8B235B3FA40088D66A /* MaxDefrostCommandOptions.swift */; };
		1AC5CB1222DA7807009B7190 /* TeslaSwift+Combine.swift in Sources */ = {isa = PBXBuildFile; fileRef = 1AC5CB1122DA7807009B7190 /* TeslaSwift+Combine.swift */; };
		1AC5CB1322DA7807009B7190 /* TeslaSwift+Combine.swift in Sources */ = {isa = PBXBuildFile; fileRef = 1AC5CB1122DA7807009B7190 /* TeslaSwift+Combine.swift */; };
		1AE27F7722D91DE900456310 /* TeslaSwift+PromiseKit.swift in Sources */ = {isa = PBXBuildFile; fileRef = 1AE27F7622D91DE800456310 /* TeslaSwift+PromiseKit.swift */; };
		1AE27F7822D91DE900456310 /* TeslaSwift+PromiseKit.swift in Sources */ = {isa = PBXBuildFile; fileRef = 1AE27F7622D91DE800456310 /* TeslaSwift+PromiseKit.swift */; };
		1AEE6AA1235C815A00A6CE2C /* StreamControl.swift in Sources */ = {isa = PBXBuildFile; fileRef = 1AEE6AA0235C815A00A6CE2C /* StreamControl.swift */; };
		1AEE6AA2235C815A00A6CE2C /* StreamControl.swift in Sources */ = {isa = PBXBuildFile; fileRef = 1AEE6AA0235C815A00A6CE2C /* StreamControl.swift */; };
		650A507D218ABAEF0068EC13 /* SoftwareUpdate.swift in Sources */ = {isa = PBXBuildFile; fileRef = 650A507C218ABAEF0068EC13 /* SoftwareUpdate.swift */; };
		650A507E218ABAEF0068EC13 /* SoftwareUpdate.swift in Sources */ = {isa = PBXBuildFile; fileRef = 650A507C218ABAEF0068EC13 /* SoftwareUpdate.swift */; };
		65F055182173DB3D00BE3BE5 /* ShareToVehicleOptions.swift in Sources */ = {isa = PBXBuildFile; fileRef = 65F055172173DB3D00BE3BE5 /* ShareToVehicleOptions.swift */; };
		7D161BA01E9DC805001C89ED /* StreamEvent.swift in Sources */ = {isa = PBXBuildFile; fileRef = 7D161B9F1E9DC805001C89ED /* StreamEvent.swift */; };
		8CC62B67A853293ADBFB6B75 /* Pods_TeslaSwift_TeslaSwiftTests.framework in Frameworks */ = {isa = PBXBuildFile; fileRef = 9D0A2FE496942C63F2654382 /* Pods_TeslaSwift_TeslaSwiftTests.framework */; };
		CF01EA671C9EC1950064B2B5 /* VehicleState.json in Resources */ = {isa = PBXBuildFile; fileRef = CF01EA661C9EC1950064B2B5 /* VehicleState.json */; };
		CF0D2F251D95A4A900E5A304 /* Authentication.swift in Sources */ = {isa = PBXBuildFile; fileRef = CF0D2F191D95A4A900E5A304 /* Authentication.swift */; };
		CF0D2F261D95A4A900E5A304 /* Authentication.swift in Sources */ = {isa = PBXBuildFile; fileRef = CF0D2F191D95A4A900E5A304 /* Authentication.swift */; };
		CF0D2F271D95A4A900E5A304 /* ChargeState.swift in Sources */ = {isa = PBXBuildFile; fileRef = CF0D2F1A1D95A4A900E5A304 /* ChargeState.swift */; };
		CF0D2F281D95A4A900E5A304 /* ChargeState.swift in Sources */ = {isa = PBXBuildFile; fileRef = CF0D2F1A1D95A4A900E5A304 /* ChargeState.swift */; };
		CF0D2F291D95A4A900E5A304 /* ClimateState.swift in Sources */ = {isa = PBXBuildFile; fileRef = CF0D2F1B1D95A4A900E5A304 /* ClimateState.swift */; };
		CF0D2F2A1D95A4A900E5A304 /* ClimateState.swift in Sources */ = {isa = PBXBuildFile; fileRef = CF0D2F1B1D95A4A900E5A304 /* ClimateState.swift */; };
		CF0D2F2B1D95A4A900E5A304 /* CommandResponse.swift in Sources */ = {isa = PBXBuildFile; fileRef = CF0D2F1C1D95A4A900E5A304 /* CommandResponse.swift */; };
		CF0D2F2C1D95A4A900E5A304 /* CommandResponse.swift in Sources */ = {isa = PBXBuildFile; fileRef = CF0D2F1C1D95A4A900E5A304 /* CommandResponse.swift */; };
		CF0D2F2D1D95A4A900E5A304 /* DriveState.swift in Sources */ = {isa = PBXBuildFile; fileRef = CF0D2F1D1D95A4A900E5A304 /* DriveState.swift */; };
		CF0D2F2E1D95A4A900E5A304 /* DriveState.swift in Sources */ = {isa = PBXBuildFile; fileRef = CF0D2F1D1D95A4A900E5A304 /* DriveState.swift */; };
		CF0D2F2F1D95A4A900E5A304 /* GenericResponse.swift in Sources */ = {isa = PBXBuildFile; fileRef = CF0D2F1E1D95A4A900E5A304 /* GenericResponse.swift */; };
		CF0D2F301D95A4A900E5A304 /* GenericResponse.swift in Sources */ = {isa = PBXBuildFile; fileRef = CF0D2F1E1D95A4A900E5A304 /* GenericResponse.swift */; };
		CF0D2F311D95A4A900E5A304 /* GuiSettings.swift in Sources */ = {isa = PBXBuildFile; fileRef = CF0D2F1F1D95A4A900E5A304 /* GuiSettings.swift */; };
		CF0D2F321D95A4A900E5A304 /* GuiSettings.swift in Sources */ = {isa = PBXBuildFile; fileRef = CF0D2F1F1D95A4A900E5A304 /* GuiSettings.swift */; };
		CF0D2F331D95A4A900E5A304 /* OpenTrunkOptions.swift in Sources */ = {isa = PBXBuildFile; fileRef = CF0D2F201D95A4A900E5A304 /* OpenTrunkOptions.swift */; };
		CF0D2F341D95A4A900E5A304 /* OpenTrunkOptions.swift in Sources */ = {isa = PBXBuildFile; fileRef = CF0D2F201D95A4A900E5A304 /* OpenTrunkOptions.swift */; };
		CF0D2F351D95A4A900E5A304 /* ValetCommandOptions.swift in Sources */ = {isa = PBXBuildFile; fileRef = CF0D2F211D95A4A900E5A304 /* ValetCommandOptions.swift */; };
		CF0D2F361D95A4A900E5A304 /* ValetCommandOptions.swift in Sources */ = {isa = PBXBuildFile; fileRef = CF0D2F211D95A4A900E5A304 /* ValetCommandOptions.swift */; };
		CF0D2F371D95A4A900E5A304 /* Vehicle.swift in Sources */ = {isa = PBXBuildFile; fileRef = CF0D2F221D95A4A900E5A304 /* Vehicle.swift */; };
		CF0D2F381D95A4A900E5A304 /* Vehicle.swift in Sources */ = {isa = PBXBuildFile; fileRef = CF0D2F221D95A4A900E5A304 /* Vehicle.swift */; };
		CF0D2F3B1D95A4A900E5A304 /* VehicleState.swift in Sources */ = {isa = PBXBuildFile; fileRef = CF0D2F241D95A4A900E5A304 /* VehicleState.swift */; };
		CF0D2F3C1D95A4A900E5A304 /* VehicleState.swift in Sources */ = {isa = PBXBuildFile; fileRef = CF0D2F241D95A4A900E5A304 /* VehicleState.swift */; };
		CF14238D1DF360A500CB4D96 /* ViewController+TeslaSwift.swift in Sources */ = {isa = PBXBuildFile; fileRef = CF14238C1DF360A500CB4D96 /* ViewController+TeslaSwift.swift */; };
		CF1492AF1D2BF87A0061088C /* AuthenticationFailed.json in Resources */ = {isa = PBXBuildFile; fileRef = CF1492AE1D2BF87A0061088C /* AuthenticationFailed.json */; };
		CF1BD5931DD5041800E4C493 /* ChargeLimitPercentageCommandOptions.swift in Sources */ = {isa = PBXBuildFile; fileRef = CF1BD5921DD5041800E4C493 /* ChargeLimitPercentageCommandOptions.swift */; };
		CF1BD5941DD5041800E4C493 /* ChargeLimitPercentageCommandOptions.swift in Sources */ = {isa = PBXBuildFile; fileRef = CF1BD5921DD5041800E4C493 /* ChargeLimitPercentageCommandOptions.swift */; };
		CF1BD5961DD5051600E4C493 /* SetTemperatureCommandOptions.swift in Sources */ = {isa = PBXBuildFile; fileRef = CF1BD5951DD5051600E4C493 /* SetTemperatureCommandOptions.swift */; };
		CF1BD5971DD5051600E4C493 /* SetTemperatureCommandOptions.swift in Sources */ = {isa = PBXBuildFile; fileRef = CF1BD5951DD5051600E4C493 /* SetTemperatureCommandOptions.swift */; };
		CF1BD5991DD505EF00E4C493 /* SetSunRoofCommandOptions.swift in Sources */ = {isa = PBXBuildFile; fileRef = CF1BD5981DD505EF00E4C493 /* SetSunRoofCommandOptions.swift */; };
		CF1BD59A1DD505EF00E4C493 /* SetSunRoofCommandOptions.swift in Sources */ = {isa = PBXBuildFile; fileRef = CF1BD5981DD505EF00E4C493 /* SetSunRoofCommandOptions.swift */; };
		CF1BD59C1DD5070100E4C493 /* RemoteStartDriveCommandOptions.swift in Sources */ = {isa = PBXBuildFile; fileRef = CF1BD59B1DD5070100E4C493 /* RemoteStartDriveCommandOptions.swift */; };
		CF1BD59D1DD5070100E4C493 /* RemoteStartDriveCommandOptions.swift in Sources */ = {isa = PBXBuildFile; fileRef = CF1BD59B1DD5070100E4C493 /* RemoteStartDriveCommandOptions.swift */; };
		CF26AA231C99CE8400090B20 /* Authentication.json in Resources */ = {isa = PBXBuildFile; fileRef = CF26AA221C99CE8400090B20 /* Authentication.json */; };
		CF26AA251C99CF9300090B20 /* Vehicles.json in Resources */ = {isa = PBXBuildFile; fileRef = CF26AA241C99CF9300090B20 /* Vehicles.json */; };
		CF26AA271C99D11700090B20 /* MobileAccess.json in Resources */ = {isa = PBXBuildFile; fileRef = CF26AA261C99D11700090B20 /* MobileAccess.json */; };
		CF26AA291C99D12700090B20 /* ChargeState.json in Resources */ = {isa = PBXBuildFile; fileRef = CF26AA281C99D12700090B20 /* ChargeState.json */; };
		CF26AA2B1C99D13B00090B20 /* ClimateSettings.json in Resources */ = {isa = PBXBuildFile; fileRef = CF26AA2A1C99D13B00090B20 /* ClimateSettings.json */; };
		CF26AA2D1C99D14D00090B20 /* DriveState.json in Resources */ = {isa = PBXBuildFile; fileRef = CF26AA2C1C99D14D00090B20 /* DriveState.json */; };
		CF37B81D1C9B40200000E894 /* GuiSettings.json in Resources */ = {isa = PBXBuildFile; fileRef = CF37B81C1C9B40200000E894 /* GuiSettings.json */; };
		CF3F851A21C51FC30086B564 /* SpeedLimitOptions.swift in Sources */ = {isa = PBXBuildFile; fileRef = CF3F851921C51FC30086B564 /* SpeedLimitOptions.swift */; };
		CF3F851B21C51FC30086B564 /* SpeedLimitOptions.swift in Sources */ = {isa = PBXBuildFile; fileRef = CF3F851921C51FC30086B564 /* SpeedLimitOptions.swift */; };
		CF3F851E21C52B0B0086B564 /* VehicleConfig.json in Resources */ = {isa = PBXBuildFile; fileRef = CF3F851D21C52B0B0086B564 /* VehicleConfig.json */; };
		CF3F852021C52BD60086B564 /* SetSpeedLimit.json in Resources */ = {isa = PBXBuildFile; fileRef = CF3F851F21C52BD60086B564 /* SetSpeedLimit.json */; };
		CF3F852221C52C650086B564 /* SpeedLimitPin.json in Resources */ = {isa = PBXBuildFile; fileRef = CF3F852121C52C650086B564 /* SpeedLimitPin.json */; };
		CF48FA991C8B08AC00B1DA93 /* TabController.swift in Sources */ = {isa = PBXBuildFile; fileRef = CF48FA981C8B08AC00B1DA93 /* TabController.swift */; };
		CF48FA9B1C8B09C500B1DA93 /* LoginViewController.swift in Sources */ = {isa = PBXBuildFile; fileRef = CF48FA9A1C8B09C500B1DA93 /* LoginViewController.swift */; };
		CF4D4D0E1D81F46000CCE6ED /* TeslaSwift.swift in Sources */ = {isa = PBXBuildFile; fileRef = CFD2E7E71C8A13F20005E882 /* TeslaSwift.swift */; };
		CF4D4D0F1D81F46B00CCE6ED /* TeslaEndpoint.swift in Sources */ = {isa = PBXBuildFile; fileRef = CFA984F81CC2545600B23C7D /* TeslaEndpoint.swift */; };
		CF5D13A71CB41BAE00744DCC /* WakeUp.json in Resources */ = {isa = PBXBuildFile; fileRef = CF5D13A61CB41BAE00744DCC /* WakeUp.json */; };
		CF5FF50E21AADC3E007B6306 /* ShareToVehicleOptions.swift in Sources */ = {isa = PBXBuildFile; fileRef = 65F055172173DB3D00BE3BE5 /* ShareToVehicleOptions.swift */; };
		CFA984E61CBD6E0C00B23C7D /* SetValetMode.json in Resources */ = {isa = PBXBuildFile; fileRef = CFA984E51CBD6E0C00B23C7D /* SetValetMode.json */; };
		CFA984E81CBD730500B23C7D /* ResetValetPin.json in Resources */ = {isa = PBXBuildFile; fileRef = CFA984E71CBD730500B23C7D /* ResetValetPin.json */; };
		CFA984EA1CBD739400B23C7D /* OpenChargeDoor.json in Resources */ = {isa = PBXBuildFile; fileRef = CFA984E91CBD739400B23C7D /* OpenChargeDoor.json */; };
		CFA984EC1CBD74B500B23C7D /* ChargeLimitStandard.json in Resources */ = {isa = PBXBuildFile; fileRef = CFA984EB1CBD74B500B23C7D /* ChargeLimitStandard.json */; };
		CFA984EE1CBD758200B23C7D /* ChargeLimitMaxRange.json in Resources */ = {isa = PBXBuildFile; fileRef = CFA984ED1CBD758200B23C7D /* ChargeLimitMaxRange.json */; };
		CFA984F31CBD7CBC00B23C7D /* ChargeLimitPercentage.json in Resources */ = {isa = PBXBuildFile; fileRef = CFA984F21CBD7CBC00B23C7D /* ChargeLimitPercentage.json */; };
		CFA984F51CBD81C400B23C7D /* StartCharging.json in Resources */ = {isa = PBXBuildFile; fileRef = CFA984F41CBD81C400B23C7D /* StartCharging.json */; };
		CFA984F71CBD826B00B23C7D /* StopCharging.json in Resources */ = {isa = PBXBuildFile; fileRef = CFA984F61CBD826B00B23C7D /* StopCharging.json */; };
		CFA984F91CC2545600B23C7D /* TeslaEndpoint.swift in Sources */ = {isa = PBXBuildFile; fileRef = CFA984F81CC2545600B23C7D /* TeslaEndpoint.swift */; };
		CFA984FC1CC256D100B23C7D /* FlashLights.json in Resources */ = {isa = PBXBuildFile; fileRef = CFA984FB1CC256D100B23C7D /* FlashLights.json */; };
		CFA984FE1CC2572C00B23C7D /* HonkHorn.json in Resources */ = {isa = PBXBuildFile; fileRef = CFA984FD1CC2572C00B23C7D /* HonkHorn.json */; };
		CFA985001CC2578A00B23C7D /* UnlockDoors.json in Resources */ = {isa = PBXBuildFile; fileRef = CFA984FF1CC2578A00B23C7D /* UnlockDoors.json */; };
		CFA985021CC257C800B23C7D /* LockDoors.json in Resources */ = {isa = PBXBuildFile; fileRef = CFA985011CC257C800B23C7D /* LockDoors.json */; };
		CFA985041CC2589000B23C7D /* SetTemperature.json in Resources */ = {isa = PBXBuildFile; fileRef = CFA985031CC2589000B23C7D /* SetTemperature.json */; };
		CFA985061CC2593400B23C7D /* StartAutoConditioning.json in Resources */ = {isa = PBXBuildFile; fileRef = CFA985051CC2593400B23C7D /* StartAutoConditioning.json */; };
		CFA985081CC267A200B23C7D /* StopAutoConditioning.json in Resources */ = {isa = PBXBuildFile; fileRef = CFA985071CC267A200B23C7D /* StopAutoConditioning.json */; };
		CFA9850A1CC2691500B23C7D /* SetSunRoof.json in Resources */ = {isa = PBXBuildFile; fileRef = CFA985091CC2691500B23C7D /* SetSunRoof.json */; };
		CFA9850C1CC269B000B23C7D /* StartVehicle.json in Resources */ = {isa = PBXBuildFile; fileRef = CFA9850B1CC269B000B23C7D /* StartVehicle.json */; };
		CFA985111CC26BA000B23C7D /* OpenTrunk.json in Resources */ = {isa = PBXBuildFile; fileRef = CFA985101CC26BA000B23C7D /* OpenTrunk.json */; };
		CFAE278F1F76644300D28079 /* Codable+JSONString.swift in Sources */ = {isa = PBXBuildFile; fileRef = CFAE278E1F76644300D28079 /* Codable+JSONString.swift */; };
		CFAE27901F76644400D28079 /* Codable+JSONString.swift in Sources */ = {isa = PBXBuildFile; fileRef = CFAE278E1F76644300D28079 /* Codable+JSONString.swift */; };
		CFB5D7B71E66088F003EA1EF /* ErrorMessage.swift in Sources */ = {isa = PBXBuildFile; fileRef = CFB5D7B61E66088F003EA1EF /* ErrorMessage.swift */; };
		CFB5D7B81E66088F003EA1EF /* ErrorMessage.swift in Sources */ = {isa = PBXBuildFile; fileRef = CFB5D7B61E66088F003EA1EF /* ErrorMessage.swift */; };
		CFC819A41DBBA2EA00A8E47B /* VehicleViewController.swift in Sources */ = {isa = PBXBuildFile; fileRef = CFC819A31DBBA2EA00A8E47B /* VehicleViewController.swift */; };
		CFD2E7C51C8A13D60005E882 /* AppDelegate.swift in Sources */ = {isa = PBXBuildFile; fileRef = CFD2E7C41C8A13D60005E882 /* AppDelegate.swift */; };
		CFD2E7C71C8A13D60005E882 /* FirstViewController.swift in Sources */ = {isa = PBXBuildFile; fileRef = CFD2E7C61C8A13D60005E882 /* FirstViewController.swift */; };
		CFD2E7C91C8A13D60005E882 /* SecondViewController.swift in Sources */ = {isa = PBXBuildFile; fileRef = CFD2E7C81C8A13D60005E882 /* SecondViewController.swift */; };
		CFD2E7CC1C8A13D60005E882 /* Main.storyboard in Resources */ = {isa = PBXBuildFile; fileRef = CFD2E7CA1C8A13D60005E882 /* Main.storyboard */; };
		CFD2E7CE1C8A13D60005E882 /* Assets.xcassets in Resources */ = {isa = PBXBuildFile; fileRef = CFD2E7CD1C8A13D60005E882 /* Assets.xcassets */; };
		CFD2E7D11C8A13D60005E882 /* LaunchScreen.storyboard in Resources */ = {isa = PBXBuildFile; fileRef = CFD2E7CF1C8A13D60005E882 /* LaunchScreen.storyboard */; };
		CFD2E7DC1C8A13D60005E882 /* TeslaSwiftTests.swift in Sources */ = {isa = PBXBuildFile; fileRef = CFD2E7DB1C8A13D60005E882 /* TeslaSwiftTests.swift */; };
		CFD2E7E81C8A13F20005E882 /* TeslaSwift.swift in Sources */ = {isa = PBXBuildFile; fileRef = CFD2E7E71C8A13F20005E882 /* TeslaSwift.swift */; };
		CFEAF13D1EACEE550003FA6E /* TeslaStreaming.swift in Sources */ = {isa = PBXBuildFile; fileRef = CFEAF13C1EACEE550003FA6E /* TeslaStreaming.swift */; };
		CFEAF13E1EACEE550003FA6E /* TeslaStreaming.swift in Sources */ = {isa = PBXBuildFile; fileRef = CFEAF13C1EACEE550003FA6E /* TeslaStreaming.swift */; };
		CFEAF1451EB52A160003FA6E /* StreamingData.txt in Resources */ = {isa = PBXBuildFile; fileRef = CFEAF1441EB52A160003FA6E /* StreamingData.txt */; };
		CFF001A61E755C4A00B8139B /* AllStates.json in Resources */ = {isa = PBXBuildFile; fileRef = CFF001A51E755C4A00B8139B /* AllStates.json */; };
		CFF001A81E755CF800B8139B /* VehicleExtended.swift in Sources */ = {isa = PBXBuildFile; fileRef = CFF001A71E755CF800B8139B /* VehicleExtended.swift */; };
		CFF001A91E755CF800B8139B /* VehicleExtended.swift in Sources */ = {isa = PBXBuildFile; fileRef = CFF001A71E755CF800B8139B /* VehicleExtended.swift */; };
		CFF001AC1E7561EB00B8139B /* VehicleConfig.swift in Sources */ = {isa = PBXBuildFile; fileRef = CFF001AB1E7561EB00B8139B /* VehicleConfig.swift */; };
		CFF001AD1E7561EB00B8139B /* VehicleConfig.swift in Sources */ = {isa = PBXBuildFile; fileRef = CFF001AB1E7561EB00B8139B /* VehicleConfig.swift */; };
		CFF048021F72EDC7006B52F7 /* Distance.swift in Sources */ = {isa = PBXBuildFile; fileRef = CFF048011F72EDC6006B52F7 /* Distance.swift */; };
		CFF048031F72EE15006B52F7 /* Distance.swift in Sources */ = {isa = PBXBuildFile; fileRef = CFF048011F72EDC6006B52F7 /* Distance.swift */; };
		CFF048061F72F115006B52F7 /* README.md in Resources */ = {isa = PBXBuildFile; fileRef = CFF048051F72F115006B52F7 /* README.md */; };
		CFF06D031FB639B8003320E3 /* StreamViewController.swift in Sources */ = {isa = PBXBuildFile; fileRef = CFF06D021FB639B8003320E3 /* StreamViewController.swift */; };
		CFF06D051FB63CF9003320E3 /* Podfile.lock in Resources */ = {isa = PBXBuildFile; fileRef = CFF06D041FB63CF9003320E3 /* Podfile.lock */; };
		CFF5CFFF1EABD1AB00655B81 /* StreamEvent.swift in Sources */ = {isa = PBXBuildFile; fileRef = 7D161B9F1E9DC805001C89ED /* StreamEvent.swift */; };
/* End PBXBuildFile section */

/* Begin PBXContainerItemProxy section */
		CFD2E7D81C8A13D60005E882 /* PBXContainerItemProxy */ = {
			isa = PBXContainerItemProxy;
			containerPortal = CFD2E7B91C8A13D60005E882 /* Project object */;
			proxyType = 1;
			remoteGlobalIDString = CFD2E7C01C8A13D60005E882;
			remoteInfo = TeslaSwift;
		};
/* End PBXContainerItemProxy section */

/* Begin PBXFileReference section */
		12B3E002E01A2F394D2418B5 /* Pods-TeslaSwift-TeslaSwiftTests.release.xcconfig */ = {isa = PBXFileReference; includeInIndex = 1; lastKnownFileType = text.xcconfig; name = "Pods-TeslaSwift-TeslaSwiftTests.release.xcconfig"; path = "Pods/Target Support Files/Pods-TeslaSwift-TeslaSwiftTests/Pods-TeslaSwift-TeslaSwiftTests.release.xcconfig"; sourceTree = "<group>"; };
		170D32D222D0EBCD00B6A51A /* NearbyChargingSites.swift */ = {isa = PBXFileReference; lastKnownFileType = sourcecode.swift; path = NearbyChargingSites.swift; sourceTree = "<group>"; };
		1759B7412228D3210032EB4C /* SentryModeCommandOptions.swift */ = {isa = PBXFileReference; lastKnownFileType = sourcecode.swift; path = SentryModeCommandOptions.swift; sourceTree = "<group>"; };
		176F073A2219E25A000877D7 /* RemoteSeatHeaterRequestOptions.swift */ = {isa = PBXFileReference; lastKnownFileType = sourcecode.swift; path = RemoteSeatHeaterRequestOptions.swift; sourceTree = "<group>"; };
		1787516C221C393700B840DD /* RemoteSteeringWheelHeaterRequestOptions.swift */ = {isa = PBXFileReference; lastKnownFileType = sourcecode.swift; path = RemoteSteeringWheelHeaterRequestOptions.swift; sourceTree = "<group>"; };
		17CD215B22D1739600AAC7F2 /* NearbyChargingSites.json */ = {isa = PBXFileReference; fileEncoding = 4; lastKnownFileType = text.json; path = NearbyChargingSites.json; sourceTree = "<group>"; };
		197116DC2020475D3BAC1658 /* Pods_TeslaSwiftMac.framework */ = {isa = PBXFileReference; explicitFileType = wrapper.framework; includeInIndex = 0; path = Pods_TeslaSwiftMac.framework; sourceTree = BUILT_PRODUCTS_DIR; };
		1A5ED54B233A2C84001B3809 /* TeslaSwift+Rx.swift */ = {isa = PBXFileReference; fileEncoding = 4; lastKnownFileType = sourcecode.swift; path = "TeslaSwift+Rx.swift"; sourceTree = "<group>"; };
		1AA6819122DA6F8E002E323F /* .hound.yml */ = {isa = PBXFileReference; lastKnownFileType = text; name = .hound.yml; path = ../.hound.yml; sourceTree = "<group>"; };
		1AA73E85235B37560088D66A /* HomeLinkCommandOptions.swift */ = {isa = PBXFileReference; lastKnownFileType = sourcecode.swift; path = HomeLinkCommandOptions.swift; sourceTree = "<group>"; };
		1AA73E88235B3A960088D66A /* WindowControlCommandOptions.swift */ = {isa = PBXFileReference; lastKnownFileType = sourcecode.swift; path = WindowControlCommandOptions.swift; sourceTree = "<group>"; };
		1AA73E8B235B3FA40088D66A /* MaxDefrostCommandOptions.swift */ = {isa = PBXFileReference; lastKnownFileType = sourcecode.swift; path = MaxDefrostCommandOptions.swift; sourceTree = "<group>"; };
		1AC5CB1122DA7807009B7190 /* TeslaSwift+Combine.swift */ = {isa = PBXFileReference; fileEncoding = 4; lastKnownFileType = sourcecode.swift; path = "TeslaSwift+Combine.swift"; sourceTree = "<group>"; };
		1AE27F7622D91DE800456310 /* TeslaSwift+PromiseKit.swift */ = {isa = PBXFileReference; fileEncoding = 4; lastKnownFileType = sourcecode.swift; path = "TeslaSwift+PromiseKit.swift"; sourceTree = "<group>"; };
		1AEE6AA0235C815A00A6CE2C /* StreamControl.swift */ = {isa = PBXFileReference; lastKnownFileType = sourcecode.swift; path = StreamControl.swift; sourceTree = "<group>"; };
		41383385906DAF4DE7F67D34 /* Pods-TeslaSwiftTests.release.xcconfig */ = {isa = PBXFileReference; includeInIndex = 1; lastKnownFileType = text.xcconfig; name = "Pods-TeslaSwiftTests.release.xcconfig"; path = "Pods/Target Support Files/Pods-TeslaSwiftTests/Pods-TeslaSwiftTests.release.xcconfig"; sourceTree = "<group>"; };
		45C81FFBA84397F3FE471905 /* Pods_TeslaSwiftAll_TeslaSwift.framework */ = {isa = PBXFileReference; explicitFileType = wrapper.framework; includeInIndex = 0; path = Pods_TeslaSwiftAll_TeslaSwift.framework; sourceTree = BUILT_PRODUCTS_DIR; };
		4F4E32676B9AA496A9E76FC3 /* Pods-TeslaSwift.release.xcconfig */ = {isa = PBXFileReference; includeInIndex = 1; lastKnownFileType = text.xcconfig; name = "Pods-TeslaSwift.release.xcconfig"; path = "Pods/Target Support Files/Pods-TeslaSwift/Pods-TeslaSwift.release.xcconfig"; sourceTree = "<group>"; };
		507DE01A16E7BC28AE46813C /* Pods-TeslaSwift.debug.xcconfig */ = {isa = PBXFileReference; includeInIndex = 1; lastKnownFileType = text.xcconfig; name = "Pods-TeslaSwift.debug.xcconfig"; path = "Pods/Target Support Files/Pods-TeslaSwift/Pods-TeslaSwift.debug.xcconfig"; sourceTree = "<group>"; };
		50BF831C9E3C5642B8EE0D30 /* Pods_TeslaSwiftTests.framework */ = {isa = PBXFileReference; explicitFileType = wrapper.framework; includeInIndex = 0; path = Pods_TeslaSwiftTests.framework; sourceTree = BUILT_PRODUCTS_DIR; };
		5BA4687B48AE0E48AF1EA4CD /* Pods-TeslaSwiftMac.debug.xcconfig */ = {isa = PBXFileReference; includeInIndex = 1; lastKnownFileType = text.xcconfig; name = "Pods-TeslaSwiftMac.debug.xcconfig"; path = "Pods/Target Support Files/Pods-TeslaSwiftMac/Pods-TeslaSwiftMac.debug.xcconfig"; sourceTree = "<group>"; };
		650A507C218ABAEF0068EC13 /* SoftwareUpdate.swift */ = {isa = PBXFileReference; lastKnownFileType = sourcecode.swift; path = SoftwareUpdate.swift; sourceTree = "<group>"; };
		65F055172173DB3D00BE3BE5 /* ShareToVehicleOptions.swift */ = {isa = PBXFileReference; fileEncoding = 4; lastKnownFileType = sourcecode.swift; path = ShareToVehicleOptions.swift; sourceTree = "<group>"; };
		663732209E4E55CAD3A287C6 /* Pods.framework */ = {isa = PBXFileReference; explicitFileType = wrapper.framework; includeInIndex = 0; path = Pods.framework; sourceTree = BUILT_PRODUCTS_DIR; };
		7714DD772753FEF8BB88D841 /* Pods-TeslaSwiftTests.debug.xcconfig */ = {isa = PBXFileReference; includeInIndex = 1; lastKnownFileType = text.xcconfig; name = "Pods-TeslaSwiftTests.debug.xcconfig"; path = "Pods/Target Support Files/Pods-TeslaSwiftTests/Pods-TeslaSwiftTests.debug.xcconfig"; sourceTree = "<group>"; };
		7D161B9F1E9DC805001C89ED /* StreamEvent.swift */ = {isa = PBXFileReference; fileEncoding = 4; lastKnownFileType = sourcecode.swift; path = StreamEvent.swift; sourceTree = "<group>"; };
		893283E37D672FB17EB144D2 /* Pods-TeslaSwiftMac.release.xcconfig */ = {isa = PBXFileReference; includeInIndex = 1; lastKnownFileType = text.xcconfig; name = "Pods-TeslaSwiftMac.release.xcconfig"; path = "Pods/Target Support Files/Pods-TeslaSwiftMac/Pods-TeslaSwiftMac.release.xcconfig"; sourceTree = "<group>"; };
		9D0A2FE496942C63F2654382 /* Pods_TeslaSwift_TeslaSwiftTests.framework */ = {isa = PBXFileReference; explicitFileType = wrapper.framework; includeInIndex = 0; path = Pods_TeslaSwift_TeslaSwiftTests.framework; sourceTree = BUILT_PRODUCTS_DIR; };
		BCCF54A5D3EEC6D742F8BA4D /* Pods_TeslaSwift.framework */ = {isa = PBXFileReference; explicitFileType = wrapper.framework; includeInIndex = 0; path = Pods_TeslaSwift.framework; sourceTree = BUILT_PRODUCTS_DIR; };
		C41422821C25B682F122BE7C /* Pods_TeslaSwiftAll_TeslaSwiftTests.framework */ = {isa = PBXFileReference; explicitFileType = wrapper.framework; includeInIndex = 0; path = Pods_TeslaSwiftAll_TeslaSwiftTests.framework; sourceTree = BUILT_PRODUCTS_DIR; };
		CF01EA661C9EC1950064B2B5 /* VehicleState.json */ = {isa = PBXFileReference; fileEncoding = 4; lastKnownFileType = text.json; path = VehicleState.json; sourceTree = "<group>"; };
		CF0D2F191D95A4A900E5A304 /* Authentication.swift */ = {isa = PBXFileReference; fileEncoding = 4; lastKnownFileType = sourcecode.swift; path = Authentication.swift; sourceTree = "<group>"; };
		CF0D2F1A1D95A4A900E5A304 /* ChargeState.swift */ = {isa = PBXFileReference; fileEncoding = 4; lastKnownFileType = sourcecode.swift; path = ChargeState.swift; sourceTree = "<group>"; };
		CF0D2F1B1D95A4A900E5A304 /* ClimateState.swift */ = {isa = PBXFileReference; fileEncoding = 4; lastKnownFileType = sourcecode.swift; path = ClimateState.swift; sourceTree = "<group>"; };
		CF0D2F1C1D95A4A900E5A304 /* CommandResponse.swift */ = {isa = PBXFileReference; fileEncoding = 4; lastKnownFileType = sourcecode.swift; path = CommandResponse.swift; sourceTree = "<group>"; };
		CF0D2F1D1D95A4A900E5A304 /* DriveState.swift */ = {isa = PBXFileReference; fileEncoding = 4; lastKnownFileType = sourcecode.swift; path = DriveState.swift; sourceTree = "<group>"; };
		CF0D2F1E1D95A4A900E5A304 /* GenericResponse.swift */ = {isa = PBXFileReference; fileEncoding = 4; lastKnownFileType = sourcecode.swift; path = GenericResponse.swift; sourceTree = "<group>"; };
		CF0D2F1F1D95A4A900E5A304 /* GuiSettings.swift */ = {isa = PBXFileReference; fileEncoding = 4; lastKnownFileType = sourcecode.swift; path = GuiSettings.swift; sourceTree = "<group>"; };
		CF0D2F201D95A4A900E5A304 /* OpenTrunkOptions.swift */ = {isa = PBXFileReference; fileEncoding = 4; lastKnownFileType = sourcecode.swift; path = OpenTrunkOptions.swift; sourceTree = "<group>"; };
		CF0D2F211D95A4A900E5A304 /* ValetCommandOptions.swift */ = {isa = PBXFileReference; fileEncoding = 4; lastKnownFileType = sourcecode.swift; path = ValetCommandOptions.swift; sourceTree = "<group>"; };
		CF0D2F221D95A4A900E5A304 /* Vehicle.swift */ = {isa = PBXFileReference; fileEncoding = 4; lastKnownFileType = sourcecode.swift; path = Vehicle.swift; sourceTree = "<group>"; };
		CF0D2F241D95A4A900E5A304 /* VehicleState.swift */ = {isa = PBXFileReference; fileEncoding = 4; lastKnownFileType = sourcecode.swift; path = VehicleState.swift; sourceTree = "<group>"; };
		CF14238C1DF360A500CB4D96 /* ViewController+TeslaSwift.swift */ = {isa = PBXFileReference; fileEncoding = 4; lastKnownFileType = sourcecode.swift; path = "ViewController+TeslaSwift.swift"; sourceTree = "<group>"; };
		CF1492AE1D2BF87A0061088C /* AuthenticationFailed.json */ = {isa = PBXFileReference; fileEncoding = 4; lastKnownFileType = text.json; path = AuthenticationFailed.json; sourceTree = "<group>"; };
		CF1BD5921DD5041800E4C493 /* ChargeLimitPercentageCommandOptions.swift */ = {isa = PBXFileReference; fileEncoding = 4; lastKnownFileType = sourcecode.swift; path = ChargeLimitPercentageCommandOptions.swift; sourceTree = "<group>"; };
		CF1BD5951DD5051600E4C493 /* SetTemperatureCommandOptions.swift */ = {isa = PBXFileReference; fileEncoding = 4; lastKnownFileType = sourcecode.swift; path = SetTemperatureCommandOptions.swift; sourceTree = "<group>"; };
		CF1BD5981DD505EF00E4C493 /* SetSunRoofCommandOptions.swift */ = {isa = PBXFileReference; fileEncoding = 4; lastKnownFileType = sourcecode.swift; path = SetSunRoofCommandOptions.swift; sourceTree = "<group>"; };
		CF1BD59B1DD5070100E4C493 /* RemoteStartDriveCommandOptions.swift */ = {isa = PBXFileReference; fileEncoding = 4; lastKnownFileType = sourcecode.swift; path = RemoteStartDriveCommandOptions.swift; sourceTree = "<group>"; };
		CF26AA221C99CE8400090B20 /* Authentication.json */ = {isa = PBXFileReference; fileEncoding = 4; lastKnownFileType = text.json; path = Authentication.json; sourceTree = "<group>"; };
		CF26AA241C99CF9300090B20 /* Vehicles.json */ = {isa = PBXFileReference; fileEncoding = 4; lastKnownFileType = text.json; path = Vehicles.json; sourceTree = "<group>"; };
		CF26AA261C99D11700090B20 /* MobileAccess.json */ = {isa = PBXFileReference; fileEncoding = 4; lastKnownFileType = text.json; path = MobileAccess.json; sourceTree = "<group>"; };
		CF26AA281C99D12700090B20 /* ChargeState.json */ = {isa = PBXFileReference; fileEncoding = 4; lastKnownFileType = text.json; path = ChargeState.json; sourceTree = "<group>"; };
		CF26AA2A1C99D13B00090B20 /* ClimateSettings.json */ = {isa = PBXFileReference; fileEncoding = 4; lastKnownFileType = text.json; path = ClimateSettings.json; sourceTree = "<group>"; };
		CF26AA2C1C99D14D00090B20 /* DriveState.json */ = {isa = PBXFileReference; fileEncoding = 4; lastKnownFileType = text.json; path = DriveState.json; sourceTree = "<group>"; };
		CF30F95B1C8A2BC20067D3D9 /* Podfile */ = {isa = PBXFileReference; explicitFileType = text.script.ruby; fileEncoding = 4; path = Podfile; sourceTree = "<group>"; xcLanguageSpecificationIdentifier = xcode.lang.ruby; };
		CF37B81C1C9B40200000E894 /* GuiSettings.json */ = {isa = PBXFileReference; fileEncoding = 4; lastKnownFileType = text.json; path = GuiSettings.json; sourceTree = "<group>"; };
		CF3F851921C51FC30086B564 /* SpeedLimitOptions.swift */ = {isa = PBXFileReference; lastKnownFileType = sourcecode.swift; path = SpeedLimitOptions.swift; sourceTree = "<group>"; };
		CF3F851D21C52B0B0086B564 /* VehicleConfig.json */ = {isa = PBXFileReference; fileEncoding = 4; lastKnownFileType = text.json; path = VehicleConfig.json; sourceTree = "<group>"; };
		CF3F851F21C52BD60086B564 /* SetSpeedLimit.json */ = {isa = PBXFileReference; fileEncoding = 4; lastKnownFileType = text.json; path = SetSpeedLimit.json; sourceTree = "<group>"; };
		CF3F852121C52C650086B564 /* SpeedLimitPin.json */ = {isa = PBXFileReference; fileEncoding = 4; lastKnownFileType = text.json; path = SpeedLimitPin.json; sourceTree = "<group>"; };
		CF48FA961C8B039F00B1DA93 /* TeslaSwift.podspec */ = {isa = PBXFileReference; fileEncoding = 4; lastKnownFileType = text; name = TeslaSwift.podspec; path = ../TeslaSwift.podspec; sourceTree = "<group>"; };
		CF48FA981C8B08AC00B1DA93 /* TabController.swift */ = {isa = PBXFileReference; fileEncoding = 4; lastKnownFileType = sourcecode.swift; path = TabController.swift; sourceTree = "<group>"; };
		CF48FA9A1C8B09C500B1DA93 /* LoginViewController.swift */ = {isa = PBXFileReference; fileEncoding = 4; lastKnownFileType = sourcecode.swift; path = LoginViewController.swift; sourceTree = "<group>"; };
		CF4D4D0C1D81F39900CCE6ED /* Pods_TeslaSwiftTests.framework */ = {isa = PBXFileReference; lastKnownFileType = wrapper.framework; name = Pods_TeslaSwiftTests.framework; path = "Pods/../build/Debug-iphoneos/Pods_TeslaSwiftTests.framework"; sourceTree = "<group>"; };
		CF5D13A61CB41BAE00744DCC /* WakeUp.json */ = {isa = PBXFileReference; fileEncoding = 4; lastKnownFileType = text.json; path = WakeUp.json; sourceTree = "<group>"; };
		CF5FF51021AAED84007B6306 /* .travis.yml */ = {isa = PBXFileReference; lastKnownFileType = text; name = .travis.yml; path = ../.travis.yml; sourceTree = "<group>"; };
		CF5FF51121AAED8A007B6306 /* .swiftlint.yml */ = {isa = PBXFileReference; lastKnownFileType = text; name = .swiftlint.yml; path = ../.swiftlint.yml; sourceTree = "<group>"; };
		CF8D0CFE1D971B320069FFFE /* Pods_TeslaSwift_TeslaSwiftTests.framework */ = {isa = PBXFileReference; lastKnownFileType = wrapper.framework; name = Pods_TeslaSwift_TeslaSwiftTests.framework; path = "../../Library/Developer/Xcode/DerivedData/TeslaSwift-dvxfesbvbekzvlebgextwccbvtxb/Build/Products/Debug-iphonesimulator/Pods_TeslaSwift_TeslaSwiftTests.framework"; sourceTree = "<group>"; };
		CFA037A31C8A160600FA2423 /* Package.swift */ = {isa = PBXFileReference; fileEncoding = 4; lastKnownFileType = sourcecode.swift; name = Package.swift; path = ../Package.swift; sourceTree = "<group>"; };
		CFA984E51CBD6E0C00B23C7D /* SetValetMode.json */ = {isa = PBXFileReference; fileEncoding = 4; lastKnownFileType = text.json; path = SetValetMode.json; sourceTree = "<group>"; };
		CFA984E71CBD730500B23C7D /* ResetValetPin.json */ = {isa = PBXFileReference; fileEncoding = 4; lastKnownFileType = text.json; path = ResetValetPin.json; sourceTree = "<group>"; };
		CFA984E91CBD739400B23C7D /* OpenChargeDoor.json */ = {isa = PBXFileReference; fileEncoding = 4; lastKnownFileType = text.json; path = OpenChargeDoor.json; sourceTree = "<group>"; };
		CFA984EB1CBD74B500B23C7D /* ChargeLimitStandard.json */ = {isa = PBXFileReference; fileEncoding = 4; lastKnownFileType = text.json; path = ChargeLimitStandard.json; sourceTree = "<group>"; };
		CFA984ED1CBD758200B23C7D /* ChargeLimitMaxRange.json */ = {isa = PBXFileReference; fileEncoding = 4; lastKnownFileType = text.json; path = ChargeLimitMaxRange.json; sourceTree = "<group>"; };
		CFA984F21CBD7CBC00B23C7D /* ChargeLimitPercentage.json */ = {isa = PBXFileReference; fileEncoding = 4; lastKnownFileType = text.json; path = ChargeLimitPercentage.json; sourceTree = "<group>"; };
		CFA984F41CBD81C400B23C7D /* StartCharging.json */ = {isa = PBXFileReference; fileEncoding = 4; lastKnownFileType = text.json; path = StartCharging.json; sourceTree = "<group>"; };
		CFA984F61CBD826B00B23C7D /* StopCharging.json */ = {isa = PBXFileReference; fileEncoding = 4; lastKnownFileType = text.json; path = StopCharging.json; sourceTree = "<group>"; };
		CFA984F81CC2545600B23C7D /* TeslaEndpoint.swift */ = {isa = PBXFileReference; fileEncoding = 4; lastKnownFileType = sourcecode.swift; path = TeslaEndpoint.swift; sourceTree = "<group>"; };
		CFA984FB1CC256D100B23C7D /* FlashLights.json */ = {isa = PBXFileReference; fileEncoding = 4; lastKnownFileType = text.json; path = FlashLights.json; sourceTree = "<group>"; };
		CFA984FD1CC2572C00B23C7D /* HonkHorn.json */ = {isa = PBXFileReference; fileEncoding = 4; lastKnownFileType = text.json; path = HonkHorn.json; sourceTree = "<group>"; };
		CFA984FF1CC2578A00B23C7D /* UnlockDoors.json */ = {isa = PBXFileReference; fileEncoding = 4; lastKnownFileType = text.json; path = UnlockDoors.json; sourceTree = "<group>"; };
		CFA985011CC257C800B23C7D /* LockDoors.json */ = {isa = PBXFileReference; fileEncoding = 4; lastKnownFileType = text.json; path = LockDoors.json; sourceTree = "<group>"; };
		CFA985031CC2589000B23C7D /* SetTemperature.json */ = {isa = PBXFileReference; fileEncoding = 4; lastKnownFileType = text.json; path = SetTemperature.json; sourceTree = "<group>"; };
		CFA985051CC2593400B23C7D /* StartAutoConditioning.json */ = {isa = PBXFileReference; fileEncoding = 4; lastKnownFileType = text.json; path = StartAutoConditioning.json; sourceTree = "<group>"; };
		CFA985071CC267A200B23C7D /* StopAutoConditioning.json */ = {isa = PBXFileReference; fileEncoding = 4; lastKnownFileType = text.json; path = StopAutoConditioning.json; sourceTree = "<group>"; };
		CFA985091CC2691500B23C7D /* SetSunRoof.json */ = {isa = PBXFileReference; fileEncoding = 4; lastKnownFileType = text.json; path = SetSunRoof.json; sourceTree = "<group>"; };
		CFA9850B1CC269B000B23C7D /* StartVehicle.json */ = {isa = PBXFileReference; fileEncoding = 4; lastKnownFileType = text.json; path = StartVehicle.json; sourceTree = "<group>"; };
		CFA985101CC26BA000B23C7D /* OpenTrunk.json */ = {isa = PBXFileReference; fileEncoding = 4; lastKnownFileType = text.json; path = OpenTrunk.json; sourceTree = "<group>"; };
		CFAE278E1F76644300D28079 /* Codable+JSONString.swift */ = {isa = PBXFileReference; lastKnownFileType = sourcecode.swift; path = "Codable+JSONString.swift"; sourceTree = "<group>"; };
		CFB5D7B61E66088F003EA1EF /* ErrorMessage.swift */ = {isa = PBXFileReference; fileEncoding = 4; lastKnownFileType = sourcecode.swift; path = ErrorMessage.swift; sourceTree = "<group>"; };
		CFC819A31DBBA2EA00A8E47B /* VehicleViewController.swift */ = {isa = PBXFileReference; fileEncoding = 4; lastKnownFileType = sourcecode.swift; path = VehicleViewController.swift; sourceTree = "<group>"; };
		CFD2E7C11C8A13D60005E882 /* TeslaSwift.app */ = {isa = PBXFileReference; explicitFileType = wrapper.application; includeInIndex = 0; path = TeslaSwift.app; sourceTree = BUILT_PRODUCTS_DIR; };
		CFD2E7C41C8A13D60005E882 /* AppDelegate.swift */ = {isa = PBXFileReference; lastKnownFileType = sourcecode.swift; path = AppDelegate.swift; sourceTree = "<group>"; };
		CFD2E7C61C8A13D60005E882 /* FirstViewController.swift */ = {isa = PBXFileReference; lastKnownFileType = sourcecode.swift; path = FirstViewController.swift; sourceTree = "<group>"; };
		CFD2E7C81C8A13D60005E882 /* SecondViewController.swift */ = {isa = PBXFileReference; lastKnownFileType = sourcecode.swift; path = SecondViewController.swift; sourceTree = "<group>"; };
		CFD2E7CB1C8A13D60005E882 /* Base */ = {isa = PBXFileReference; lastKnownFileType = file.storyboard; name = Base; path = Base.lproj/Main.storyboard; sourceTree = "<group>"; };
		CFD2E7CD1C8A13D60005E882 /* Assets.xcassets */ = {isa = PBXFileReference; lastKnownFileType = folder.assetcatalog; path = Assets.xcassets; sourceTree = "<group>"; };
		CFD2E7D01C8A13D60005E882 /* Base */ = {isa = PBXFileReference; lastKnownFileType = file.storyboard; name = Base; path = Base.lproj/LaunchScreen.storyboard; sourceTree = "<group>"; };
		CFD2E7D21C8A13D60005E882 /* Info.plist */ = {isa = PBXFileReference; lastKnownFileType = text.plist.xml; path = Info.plist; sourceTree = "<group>"; };
		CFD2E7D71C8A13D60005E882 /* TeslaSwiftTests.xctest */ = {isa = PBXFileReference; explicitFileType = wrapper.cfbundle; includeInIndex = 0; path = TeslaSwiftTests.xctest; sourceTree = BUILT_PRODUCTS_DIR; };
		CFD2E7DB1C8A13D60005E882 /* TeslaSwiftTests.swift */ = {isa = PBXFileReference; lastKnownFileType = sourcecode.swift; path = TeslaSwiftTests.swift; sourceTree = "<group>"; };
		CFD2E7DD1C8A13D60005E882 /* Info.plist */ = {isa = PBXFileReference; lastKnownFileType = text.plist.xml; path = Info.plist; sourceTree = "<group>"; };
		CFD2E7E71C8A13F20005E882 /* TeslaSwift.swift */ = {isa = PBXFileReference; fileEncoding = 4; lastKnownFileType = sourcecode.swift; path = TeslaSwift.swift; sourceTree = "<group>"; };
		CFD950661C8A44F4008397BD /* Pods.framework */ = {isa = PBXFileReference; lastKnownFileType = wrapper.framework; name = Pods.framework; path = "Pods/../build/Debug-iphoneos/Pods.framework"; sourceTree = "<group>"; };
		CFEAF13C1EACEE550003FA6E /* TeslaStreaming.swift */ = {isa = PBXFileReference; fileEncoding = 4; lastKnownFileType = sourcecode.swift; path = TeslaStreaming.swift; sourceTree = "<group>"; };
		CFEAF1441EB52A160003FA6E /* StreamingData.txt */ = {isa = PBXFileReference; fileEncoding = 4; lastKnownFileType = text; path = StreamingData.txt; sourceTree = "<group>"; };
		CFF001A51E755C4A00B8139B /* AllStates.json */ = {isa = PBXFileReference; fileEncoding = 4; lastKnownFileType = text.json; path = AllStates.json; sourceTree = "<group>"; };
		CFF001A71E755CF800B8139B /* VehicleExtended.swift */ = {isa = PBXFileReference; fileEncoding = 4; lastKnownFileType = sourcecode.swift; path = VehicleExtended.swift; sourceTree = "<group>"; };
		CFF001AB1E7561EB00B8139B /* VehicleConfig.swift */ = {isa = PBXFileReference; fileEncoding = 4; lastKnownFileType = sourcecode.swift; path = VehicleConfig.swift; sourceTree = "<group>"; };
		CFF048011F72EDC6006B52F7 /* Distance.swift */ = {isa = PBXFileReference; fileEncoding = 4; lastKnownFileType = sourcecode.swift; path = Distance.swift; sourceTree = "<group>"; };
		CFF048051F72F115006B52F7 /* README.md */ = {isa = PBXFileReference; fileEncoding = 4; lastKnownFileType = net.daringfireball.markdown; name = README.md; path = ../README.md; sourceTree = "<group>"; };
		CFF06D021FB639B8003320E3 /* StreamViewController.swift */ = {isa = PBXFileReference; lastKnownFileType = sourcecode.swift; path = StreamViewController.swift; sourceTree = "<group>"; };
		CFF06D041FB63CF9003320E3 /* Podfile.lock */ = {isa = PBXFileReference; fileEncoding = 4; lastKnownFileType = text; path = Podfile.lock; sourceTree = "<group>"; };
		E6CE3C92808A0629E156F4D1 /* Pods-TeslaSwift-TeslaSwiftTests.debug.xcconfig */ = {isa = PBXFileReference; includeInIndex = 1; lastKnownFileType = text.xcconfig; name = "Pods-TeslaSwift-TeslaSwiftTests.debug.xcconfig"; path = "Pods/Target Support Files/Pods-TeslaSwift-TeslaSwiftTests/Pods-TeslaSwift-TeslaSwiftTests.debug.xcconfig"; sourceTree = "<group>"; };
/* End PBXFileReference section */

/* Begin PBXFrameworksBuildPhase section */
		CFD2E7BE1C8A13D60005E882 /* Frameworks */ = {
			isa = PBXFrameworksBuildPhase;
			buildActionMask = 2147483647;
			files = (
				0C7ED84E15E6213553283EE1 /* Pods_TeslaSwift.framework in Frameworks */,
			);
			runOnlyForDeploymentPostprocessing = 0;
		};
		CFD2E7D41C8A13D60005E882 /* Frameworks */ = {
			isa = PBXFrameworksBuildPhase;
			buildActionMask = 2147483647;
			files = (
				8CC62B67A853293ADBFB6B75 /* Pods_TeslaSwift_TeslaSwiftTests.framework in Frameworks */,
			);
			runOnlyForDeploymentPostprocessing = 0;
		};
/* End PBXFrameworksBuildPhase section */

/* Begin PBXGroup section */
		1A5ED54A233A2C84001B3809 /* Rx */ = {
			isa = PBXGroup;
			children = (
				1A5ED54B233A2C84001B3809 /* TeslaSwift+Rx.swift */,
			);
			path = Rx;
			sourceTree = "<group>";
		};
		1A9B1B1A22DA40370014CE17 /* TeslaSwift */ = {
			isa = PBXGroup;
			children = (
				CFD2E7E71C8A13F20005E882 /* TeslaSwift.swift */,
				CFA984F81CC2545600B23C7D /* TeslaEndpoint.swift */,
				CFEAF13C1EACEE550003FA6E /* TeslaStreaming.swift */,
				1A9B1B1C22DA40AF0014CE17 /* Model */,
			);
			path = TeslaSwift;
			sourceTree = "<group>";
		};
		1A9B1B1C22DA40AF0014CE17 /* Model */ = {
			isa = PBXGroup;
			children = (
				CF0D2F191D95A4A900E5A304 /* Authentication.swift */,
				CF1BD5921DD5041800E4C493 /* ChargeLimitPercentageCommandOptions.swift */,
				CF0D2F1A1D95A4A900E5A304 /* ChargeState.swift */,
				CF0D2F1B1D95A4A900E5A304 /* ClimateState.swift */,
				CFAE278E1F76644300D28079 /* Codable+JSONString.swift */,
				CF0D2F1C1D95A4A900E5A304 /* CommandResponse.swift */,
				CFF048011F72EDC6006B52F7 /* Distance.swift */,
				CF0D2F1D1D95A4A900E5A304 /* DriveState.swift */,
				CFB5D7B61E66088F003EA1EF /* ErrorMessage.swift */,
				CF0D2F1E1D95A4A900E5A304 /* GenericResponse.swift */,
				CF0D2F1F1D95A4A900E5A304 /* GuiSettings.swift */,
				1AA73E8B235B3FA40088D66A /* MaxDefrostCommandOptions.swift */,
				65F055172173DB3D00BE3BE5 /* ShareToVehicleOptions.swift */,
				170D32D222D0EBCD00B6A51A /* NearbyChargingSites.swift */,
				1AA73E85235B37560088D66A /* HomeLinkCommandOptions.swift */,
				CF0D2F201D95A4A900E5A304 /* OpenTrunkOptions.swift */,
				176F073A2219E25A000877D7 /* RemoteSeatHeaterRequestOptions.swift */,
				CF1BD59B1DD5070100E4C493 /* RemoteStartDriveCommandOptions.swift */,
				1787516C221C393700B840DD /* RemoteSteeringWheelHeaterRequestOptions.swift */,
				1759B7412228D3210032EB4C /* SentryModeCommandOptions.swift */,
				CF1BD5981DD505EF00E4C493 /* SetSunRoofCommandOptions.swift */,
				CF1BD5951DD5051600E4C493 /* SetTemperatureCommandOptions.swift */,
				650A507C218ABAEF0068EC13 /* SoftwareUpdate.swift */,
				7D161B9F1E9DC805001C89ED /* StreamEvent.swift */,
				1AEE6AA0235C815A00A6CE2C /* StreamControl.swift */,
				CF3F851921C51FC30086B564 /* SpeedLimitOptions.swift */,
				CF0D2F211D95A4A900E5A304 /* ValetCommandOptions.swift */,
				CF0D2F221D95A4A900E5A304 /* Vehicle.swift */,
				CFF001AB1E7561EB00B8139B /* VehicleConfig.swift */,
				CFF001A71E755CF800B8139B /* VehicleExtended.swift */,
				CF0D2F241D95A4A900E5A304 /* VehicleState.swift */,
				1AA73E88235B3A960088D66A /* WindowControlCommandOptions.swift */,
			);
			path = Model;
			sourceTree = "<group>";
		};
		1AC5CB1022DA77FF009B7190 /* Combine */ = {
			isa = PBXGroup;
			children = (
				1AC5CB1122DA7807009B7190 /* TeslaSwift+Combine.swift */,
			);
			path = Combine;
			sourceTree = "<group>";
		};
		1AE27F7422D91DE800456310 /* Extensions */ = {
			isa = PBXGroup;
			children = (
				1A5ED54A233A2C84001B3809 /* Rx */,
				1AC5CB1022DA77FF009B7190 /* Combine */,
				1AE27F7522D91DE800456310 /* PromiseKit */,
			);
			path = Extensions;
			sourceTree = "<group>";
		};
		1AE27F7522D91DE800456310 /* PromiseKit */ = {
			isa = PBXGroup;
			children = (
				1AE27F7622D91DE800456310 /* TeslaSwift+PromiseKit.swift */,
			);
			path = PromiseKit;
			sourceTree = "<group>";
		};
		972A07A9A28D45E77B9699F5 /* Frameworks */ = {
			isa = PBXGroup;
			children = (
				CF8D0CFE1D971B320069FFFE /* Pods_TeslaSwift_TeslaSwiftTests.framework */,
				CF4D4D0C1D81F39900CCE6ED /* Pods_TeslaSwiftTests.framework */,
				CFD950661C8A44F4008397BD /* Pods.framework */,
				663732209E4E55CAD3A287C6 /* Pods.framework */,
				BCCF54A5D3EEC6D742F8BA4D /* Pods_TeslaSwift.framework */,
				50BF831C9E3C5642B8EE0D30 /* Pods_TeslaSwiftTests.framework */,
				9D0A2FE496942C63F2654382 /* Pods_TeslaSwift_TeslaSwiftTests.framework */,
				45C81FFBA84397F3FE471905 /* Pods_TeslaSwiftAll_TeslaSwift.framework */,
				C41422821C25B682F122BE7C /* Pods_TeslaSwiftAll_TeslaSwiftTests.framework */,
				197116DC2020475D3BAC1658 /* Pods_TeslaSwiftMac.framework */,
			);
			name = Frameworks;
			sourceTree = "<group>";
		};
		CF26AA211C99CC3000090B20 /* Recorded */ = {
			isa = PBXGroup;
			children = (
				CF26AA221C99CE8400090B20 /* Authentication.json */,
				CFF001A51E755C4A00B8139B /* AllStates.json */,
				CF1492AE1D2BF87A0061088C /* AuthenticationFailed.json */,
				CF26AA241C99CF9300090B20 /* Vehicles.json */,
				CF26AA261C99D11700090B20 /* MobileAccess.json */,
				CF26AA281C99D12700090B20 /* ChargeState.json */,
				CF26AA2A1C99D13B00090B20 /* ClimateSettings.json */,
				CF26AA2C1C99D14D00090B20 /* DriveState.json */,
				CF37B81C1C9B40200000E894 /* GuiSettings.json */,
				CF01EA661C9EC1950064B2B5 /* VehicleState.json */,
				CF3F851D21C52B0B0086B564 /* VehicleConfig.json */,
				CF5D13A61CB41BAE00744DCC /* WakeUp.json */,
				CFA984E51CBD6E0C00B23C7D /* SetValetMode.json */,
				CFA984E71CBD730500B23C7D /* ResetValetPin.json */,
				CFA984E91CBD739400B23C7D /* OpenChargeDoor.json */,
				CFA984EB1CBD74B500B23C7D /* ChargeLimitStandard.json */,
				CFA984ED1CBD758200B23C7D /* ChargeLimitMaxRange.json */,
				CFA984F21CBD7CBC00B23C7D /* ChargeLimitPercentage.json */,
				CFA984F41CBD81C400B23C7D /* StartCharging.json */,
				CFA984F61CBD826B00B23C7D /* StopCharging.json */,
				CFA984FB1CC256D100B23C7D /* FlashLights.json */,
				CFA984FD1CC2572C00B23C7D /* HonkHorn.json */,
				CFA984FF1CC2578A00B23C7D /* UnlockDoors.json */,
				CFA985011CC257C800B23C7D /* LockDoors.json */,
				CFA985031CC2589000B23C7D /* SetTemperature.json */,
				CFA985051CC2593400B23C7D /* StartAutoConditioning.json */,
				CFA985071CC267A200B23C7D /* StopAutoConditioning.json */,
				CFA985091CC2691500B23C7D /* SetSunRoof.json */,
				CFA9850B1CC269B000B23C7D /* StartVehicle.json */,
				CFA985101CC26BA000B23C7D /* OpenTrunk.json */,
				CF3F851F21C52BD60086B564 /* SetSpeedLimit.json */,
				CF3F852121C52C650086B564 /* SpeedLimitPin.json */,
				17CD215B22D1739600AAC7F2 /* NearbyChargingSites.json */,
				CFEAF1441EB52A160003FA6E /* StreamingData.txt */,
			);
			name = Recorded;
			sourceTree = "<group>";
		};
		CFD2E7B81C8A13D60005E882 = {
			isa = PBXGroup;
			children = (
				1AA6819122DA6F8E002E323F /* .hound.yml */,
				CF5FF51021AAED84007B6306 /* .travis.yml */,
				CF5FF51121AAED8A007B6306 /* .swiftlint.yml */,
				CFF048051F72F115006B52F7 /* README.md */,
				CF48FA961C8B039F00B1DA93 /* TeslaSwift.podspec */,
				CFA037A31C8A160600FA2423 /* Package.swift */,
				CFD2E7E61C8A13E20005E882 /* Sources */,
				CFD2E7C31C8A13D60005E882 /* TeslaSwiftDemo */,
				CFD2E7DA1C8A13D60005E882 /* TeslaSwiftTests */,
				CFD2E7C21C8A13D60005E882 /* Products */,
				972A07A9A28D45E77B9699F5 /* Frameworks */,
				E355C424A11E760E0662C11D /* Pods */,
			);
			sourceTree = "<group>";
		};
		CFD2E7C21C8A13D60005E882 /* Products */ = {
			isa = PBXGroup;
			children = (
				CFD2E7C11C8A13D60005E882 /* TeslaSwift.app */,
				CFD2E7D71C8A13D60005E882 /* TeslaSwiftTests.xctest */,
			);
			name = Products;
			sourceTree = "<group>";
		};
		CFD2E7C31C8A13D60005E882 /* TeslaSwiftDemo */ = {
			isa = PBXGroup;
			children = (
				CF30F95B1C8A2BC20067D3D9 /* Podfile */,
				CFF06D041FB63CF9003320E3 /* Podfile.lock */,
				CFD2E7C41C8A13D60005E882 /* AppDelegate.swift */,
				CF14238C1DF360A500CB4D96 /* ViewController+TeslaSwift.swift */,
				CF48FA981C8B08AC00B1DA93 /* TabController.swift */,
				CF48FA9A1C8B09C500B1DA93 /* LoginViewController.swift */,
				CFD2E7C61C8A13D60005E882 /* FirstViewController.swift */,
				CFD2E7C81C8A13D60005E882 /* SecondViewController.swift */,
				CFC819A31DBBA2EA00A8E47B /* VehicleViewController.swift */,
				CFD2E7CA1C8A13D60005E882 /* Main.storyboard */,
				CFF06D021FB639B8003320E3 /* StreamViewController.swift */,
				CFD2E7CD1C8A13D60005E882 /* Assets.xcassets */,
				CFD2E7CF1C8A13D60005E882 /* LaunchScreen.storyboard */,
				CFD2E7D21C8A13D60005E882 /* Info.plist */,
			);
			name = TeslaSwiftDemo;
			sourceTree = "<group>";
		};
		CFD2E7DA1C8A13D60005E882 /* TeslaSwiftTests */ = {
			isa = PBXGroup;
			children = (
				CFD2E7DB1C8A13D60005E882 /* TeslaSwiftTests.swift */,
				CF26AA211C99CC3000090B20 /* Recorded */,
				CFD2E7DD1C8A13D60005E882 /* Info.plist */,
			);
			name = TeslaSwiftTests;
			path = ../TeslaSwiftTests;
			sourceTree = "<group>";
		};
		CFD2E7E61C8A13E20005E882 /* Sources */ = {
			isa = PBXGroup;
			children = (
				1A9B1B1A22DA40370014CE17 /* TeslaSwift */,
				1AE27F7422D91DE800456310 /* Extensions */,
			);
			name = Sources;
			path = ../Sources;
			sourceTree = "<group>";
		};
		E355C424A11E760E0662C11D /* Pods */ = {
			isa = PBXGroup;
			children = (
				507DE01A16E7BC28AE46813C /* Pods-TeslaSwift.debug.xcconfig */,
				4F4E32676B9AA496A9E76FC3 /* Pods-TeslaSwift.release.xcconfig */,
				7714DD772753FEF8BB88D841 /* Pods-TeslaSwiftTests.debug.xcconfig */,
				41383385906DAF4DE7F67D34 /* Pods-TeslaSwiftTests.release.xcconfig */,
				E6CE3C92808A0629E156F4D1 /* Pods-TeslaSwift-TeslaSwiftTests.debug.xcconfig */,
				12B3E002E01A2F394D2418B5 /* Pods-TeslaSwift-TeslaSwiftTests.release.xcconfig */,
				5BA4687B48AE0E48AF1EA4CD /* Pods-TeslaSwiftMac.debug.xcconfig */,
				893283E37D672FB17EB144D2 /* Pods-TeslaSwiftMac.release.xcconfig */,
			);
			name = Pods;
			sourceTree = "<group>";
		};
/* End PBXGroup section */

/* Begin PBXNativeTarget section */
		CFD2E7C01C8A13D60005E882 /* TeslaSwift */ = {
			isa = PBXNativeTarget;
			buildConfigurationList = CFD2E7E01C8A13D60005E882 /* Build configuration list for PBXNativeTarget "TeslaSwift" */;
			buildPhases = (
				2D6D0B1CE3ACD7348339F302 /* [CP] Check Pods Manifest.lock */,
				CFD2E7BD1C8A13D60005E882 /* Sources */,
				CFD2E7BE1C8A13D60005E882 /* Frameworks */,
				CFD2E7BF1C8A13D60005E882 /* Resources */,
				75DC11B792E9EF3FD2D0A320 /* [CP] Embed Pods Frameworks */,
			);
			buildRules = (
			);
			dependencies = (
			);
			name = TeslaSwift;
			productName = TeslaSwift;
			productReference = CFD2E7C11C8A13D60005E882 /* TeslaSwift.app */;
			productType = "com.apple.product-type.application";
		};
		CFD2E7D61C8A13D60005E882 /* TeslaSwiftTests */ = {
			isa = PBXNativeTarget;
			buildConfigurationList = CFD2E7E31C8A13D60005E882 /* Build configuration list for PBXNativeTarget "TeslaSwiftTests" */;
			buildPhases = (
				4D96450F7514EF3E50A9AF64 /* [CP] Check Pods Manifest.lock */,
				CFD2E7D31C8A13D60005E882 /* Sources */,
				CFD2E7D41C8A13D60005E882 /* Frameworks */,
				CFD2E7D51C8A13D60005E882 /* Resources */,
				8DDA809520A64DD5288FBA06 /* [CP] Embed Pods Frameworks */,
			);
			buildRules = (
			);
			dependencies = (
				CFD2E7D91C8A13D60005E882 /* PBXTargetDependency */,
			);
			name = TeslaSwiftTests;
			productName = TeslaSwiftTests;
			productReference = CFD2E7D71C8A13D60005E882 /* TeslaSwiftTests.xctest */;
			productType = "com.apple.product-type.bundle.unit-test";
		};
/* End PBXNativeTarget section */

/* Begin PBXProject section */
		CFD2E7B91C8A13D60005E882 /* Project object */ = {
			isa = PBXProject;
			attributes = {
				LastSwiftUpdateCheck = 0820;
				LastUpgradeCheck = 1020;
				ORGANIZATIONNAME = "Joao Nunes";
				TargetAttributes = {
					CFD2E7C01C8A13D60005E882 = {
						CreatedOnToolsVersion = 7.2.1;
						DevelopmentTeam = RMBS8HAUHZ;
						LastSwiftMigration = 1020;
					};
					CFD2E7D61C8A13D60005E882 = {
						CreatedOnToolsVersion = 7.2.1;
						LastSwiftMigration = 1020;
						ProvisioningStyle = Automatic;
					};
				};
			};
			buildConfigurationList = CFD2E7BC1C8A13D60005E882 /* Build configuration list for PBXProject "TeslaSwift" */;
			compatibilityVersion = "Xcode 3.2";
			developmentRegion = en;
			hasScannedForEncodings = 0;
			knownRegions = (
				en,
				Base,
			);
			mainGroup = CFD2E7B81C8A13D60005E882;
			productRefGroup = CFD2E7C21C8A13D60005E882 /* Products */;
			projectDirPath = "";
			projectRoot = "";
			targets = (
				CFD2E7C01C8A13D60005E882 /* TeslaSwift */,
				CFD2E7D61C8A13D60005E882 /* TeslaSwiftTests */,
			);
		};
/* End PBXProject section */

/* Begin PBXResourcesBuildPhase section */
		CFD2E7BF1C8A13D60005E882 /* Resources */ = {
			isa = PBXResourcesBuildPhase;
			buildActionMask = 2147483647;
			files = (
				1AA6819222DA6FC7002E323F /* Podfile in Resources */,
				CFF06D051FB63CF9003320E3 /* Podfile.lock in Resources */,
				CFD2E7D11C8A13D60005E882 /* LaunchScreen.storyboard in Resources */,
				CFF048061F72F115006B52F7 /* README.md in Resources */,
				CFD2E7CE1C8A13D60005E882 /* Assets.xcassets in Resources */,
				CFD2E7CC1C8A13D60005E882 /* Main.storyboard in Resources */,
			);
			runOnlyForDeploymentPostprocessing = 0;
		};
		CFD2E7D51C8A13D60005E882 /* Resources */ = {
			isa = PBXResourcesBuildPhase;
			buildActionMask = 2147483647;
			files = (
				CFA984F71CBD826B00B23C7D /* StopCharging.json in Resources */,
				CFA9850C1CC269B000B23C7D /* StartVehicle.json in Resources */,
				CFA984EA1CBD739400B23C7D /* OpenChargeDoor.json in Resources */,
				CF26AA251C99CF9300090B20 /* Vehicles.json in Resources */,
				CFA984EE1CBD758200B23C7D /* ChargeLimitMaxRange.json in Resources */,
				CFA984F31CBD7CBC00B23C7D /* ChargeLimitPercentage.json in Resources */,
				17CD215C22D1739600AAC7F2 /* NearbyChargingSites.json in Resources */,
				CFA984FC1CC256D100B23C7D /* FlashLights.json in Resources */,
				CFA9850A1CC2691500B23C7D /* SetSunRoof.json in Resources */,
				CFA984FE1CC2572C00B23C7D /* HonkHorn.json in Resources */,
				CFA985001CC2578A00B23C7D /* UnlockDoors.json in Resources */,
				CF26AA271C99D11700090B20 /* MobileAccess.json in Resources */,
				CF01EA671C9EC1950064B2B5 /* VehicleState.json in Resources */,
				CFA985111CC26BA000B23C7D /* OpenTrunk.json in Resources */,
				CFA985061CC2593400B23C7D /* StartAutoConditioning.json in Resources */,
				CF26AA2D1C99D14D00090B20 /* DriveState.json in Resources */,
				CFA985021CC257C800B23C7D /* LockDoors.json in Resources */,
				CFA985081CC267A200B23C7D /* StopAutoConditioning.json in Resources */,
				CFA984E61CBD6E0C00B23C7D /* SetValetMode.json in Resources */,
				CFA985041CC2589000B23C7D /* SetTemperature.json in Resources */,
				CF26AA231C99CE8400090B20 /* Authentication.json in Resources */,
				CF26AA291C99D12700090B20 /* ChargeState.json in Resources */,
				CFA984EC1CBD74B500B23C7D /* ChargeLimitStandard.json in Resources */,
				CF3F852021C52BD60086B564 /* SetSpeedLimit.json in Resources */,
				CFA984F51CBD81C400B23C7D /* StartCharging.json in Resources */,
				CF1492AF1D2BF87A0061088C /* AuthenticationFailed.json in Resources */,
				CF37B81D1C9B40200000E894 /* GuiSettings.json in Resources */,
				CF3F851E21C52B0B0086B564 /* VehicleConfig.json in Resources */,
				CFF001A61E755C4A00B8139B /* AllStates.json in Resources */,
				CFA984E81CBD730500B23C7D /* ResetValetPin.json in Resources */,
				CFEAF1451EB52A160003FA6E /* StreamingData.txt in Resources */,
				CF26AA2B1C99D13B00090B20 /* ClimateSettings.json in Resources */,
				CF3F852221C52C650086B564 /* SpeedLimitPin.json in Resources */,
				CF5D13A71CB41BAE00744DCC /* WakeUp.json in Resources */,
			);
			runOnlyForDeploymentPostprocessing = 0;
		};
/* End PBXResourcesBuildPhase section */

/* Begin PBXShellScriptBuildPhase section */
		2D6D0B1CE3ACD7348339F302 /* [CP] Check Pods Manifest.lock */ = {
			isa = PBXShellScriptBuildPhase;
			buildActionMask = 2147483647;
			files = (
			);
			inputPaths = (
				"${PODS_PODFILE_DIR_PATH}/Podfile.lock",
				"${PODS_ROOT}/Manifest.lock",
			);
			name = "[CP] Check Pods Manifest.lock";
			outputPaths = (
				"$(DERIVED_FILE_DIR)/Pods-TeslaSwift-checkManifestLockResult.txt",
			);
			runOnlyForDeploymentPostprocessing = 0;
			shellPath = /bin/sh;
			shellScript = "diff \"${PODS_PODFILE_DIR_PATH}/Podfile.lock\" \"${PODS_ROOT}/Manifest.lock\" > /dev/null\nif [ $? != 0 ] ; then\n    # print error to STDERR\n    echo \"error: The sandbox is not in sync with the Podfile.lock. Run 'pod install' or update your CocoaPods installation.\" >&2\n    exit 1\nfi\n# This output is used by Xcode 'outputs' to avoid re-running this script phase.\necho \"SUCCESS\" > \"${SCRIPT_OUTPUT_FILE_0}\"\n";
			showEnvVarsInLog = 0;
		};
		4D96450F7514EF3E50A9AF64 /* [CP] Check Pods Manifest.lock */ = {
			isa = PBXShellScriptBuildPhase;
			buildActionMask = 2147483647;
			files = (
			);
			inputPaths = (
				"${PODS_PODFILE_DIR_PATH}/Podfile.lock",
				"${PODS_ROOT}/Manifest.lock",
			);
			name = "[CP] Check Pods Manifest.lock";
			outputPaths = (
				"$(DERIVED_FILE_DIR)/Pods-TeslaSwift-TeslaSwiftTests-checkManifestLockResult.txt",
			);
			runOnlyForDeploymentPostprocessing = 0;
			shellPath = /bin/sh;
			shellScript = "diff \"${PODS_PODFILE_DIR_PATH}/Podfile.lock\" \"${PODS_ROOT}/Manifest.lock\" > /dev/null\nif [ $? != 0 ] ; then\n    # print error to STDERR\n    echo \"error: The sandbox is not in sync with the Podfile.lock. Run 'pod install' or update your CocoaPods installation.\" >&2\n    exit 1\nfi\n# This output is used by Xcode 'outputs' to avoid re-running this script phase.\necho \"SUCCESS\" > \"${SCRIPT_OUTPUT_FILE_0}\"\n";
			showEnvVarsInLog = 0;
		};
		75DC11B792E9EF3FD2D0A320 /* [CP] Embed Pods Frameworks */ = {
			isa = PBXShellScriptBuildPhase;
			buildActionMask = 2147483647;
			files = (
			);
			inputPaths = (
				"${PODS_ROOT}/Target Support Files/Pods-TeslaSwift/Pods-TeslaSwift-frameworks.sh",
				"${BUILT_PRODUCTS_DIR}/PromiseKit/PromiseKit.framework",
				"${BUILT_PRODUCTS_DIR}/RxCocoa/RxCocoa.framework",
				"${BUILT_PRODUCTS_DIR}/RxRelay/RxRelay.framework",
				"${BUILT_PRODUCTS_DIR}/RxSwift/RxSwift.framework",
				"${BUILT_PRODUCTS_DIR}/Starscream/Starscream.framework",
			);
			name = "[CP] Embed Pods Frameworks";
			outputPaths = (
				"${TARGET_BUILD_DIR}/${FRAMEWORKS_FOLDER_PATH}/PromiseKit.framework",
				"${TARGET_BUILD_DIR}/${FRAMEWORKS_FOLDER_PATH}/RxCocoa.framework",
				"${TARGET_BUILD_DIR}/${FRAMEWORKS_FOLDER_PATH}/RxRelay.framework",
				"${TARGET_BUILD_DIR}/${FRAMEWORKS_FOLDER_PATH}/RxSwift.framework",
				"${TARGET_BUILD_DIR}/${FRAMEWORKS_FOLDER_PATH}/Starscream.framework",
			);
			runOnlyForDeploymentPostprocessing = 0;
			shellPath = /bin/sh;
			shellScript = "\"${PODS_ROOT}/Target Support Files/Pods-TeslaSwift/Pods-TeslaSwift-frameworks.sh\"\n";
			showEnvVarsInLog = 0;
		};
		8DDA809520A64DD5288FBA06 /* [CP] Embed Pods Frameworks */ = {
			isa = PBXShellScriptBuildPhase;
			buildActionMask = 2147483647;
			files = (
			);
			inputPaths = (
				"${PODS_ROOT}/Target Support Files/Pods-TeslaSwift-TeslaSwiftTests/Pods-TeslaSwift-TeslaSwiftTests-frameworks.sh",
				"${BUILT_PRODUCTS_DIR}/PromiseKit/PromiseKit.framework",
				"${BUILT_PRODUCTS_DIR}/RxCocoa/RxCocoa.framework",
				"${BUILT_PRODUCTS_DIR}/RxRelay/RxRelay.framework",
				"${BUILT_PRODUCTS_DIR}/RxSwift/RxSwift.framework",
				"${BUILT_PRODUCTS_DIR}/Starscream/Starscream.framework",
				"${BUILT_PRODUCTS_DIR}/OHHTTPStubs/OHHTTPStubs.framework",
			);
			name = "[CP] Embed Pods Frameworks";
			outputPaths = (
				"${TARGET_BUILD_DIR}/${FRAMEWORKS_FOLDER_PATH}/PromiseKit.framework",
				"${TARGET_BUILD_DIR}/${FRAMEWORKS_FOLDER_PATH}/RxCocoa.framework",
				"${TARGET_BUILD_DIR}/${FRAMEWORKS_FOLDER_PATH}/RxRelay.framework",
				"${TARGET_BUILD_DIR}/${FRAMEWORKS_FOLDER_PATH}/RxSwift.framework",
				"${TARGET_BUILD_DIR}/${FRAMEWORKS_FOLDER_PATH}/Starscream.framework",
				"${TARGET_BUILD_DIR}/${FRAMEWORKS_FOLDER_PATH}/OHHTTPStubs.framework",
			);
			runOnlyForDeploymentPostprocessing = 0;
			shellPath = /bin/sh;
			shellScript = "\"${PODS_ROOT}/Target Support Files/Pods-TeslaSwift-TeslaSwiftTests/Pods-TeslaSwift-TeslaSwiftTests-frameworks.sh\"\n";
			showEnvVarsInLog = 0;
		};
/* End PBXShellScriptBuildPhase section */

/* Begin PBXSourcesBuildPhase section */
		CFD2E7BD1C8A13D60005E882 /* Sources */ = {
			isa = PBXSourcesBuildPhase;
			buildActionMask = 2147483647;
			files = (
				CF0D2F2F1D95A4A900E5A304 /* GenericResponse.swift in Sources */,
				CFC819A41DBBA2EA00A8E47B /* VehicleViewController.swift in Sources */,
				CF48FA9B1C8B09C500B1DA93 /* LoginViewController.swift in Sources */,
				CFA984F91CC2545600B23C7D /* TeslaEndpoint.swift in Sources */,
				1AA73E8C235B3FA40088D66A /* MaxDefrostCommandOptions.swift in Sources */,
				CFD2E7C91C8A13D60005E882 /* SecondViewController.swift in Sources */,
				CF48FA991C8B08AC00B1DA93 /* TabController.swift in Sources */,
				1AA73E89235B3A960088D66A /* WindowControlCommandOptions.swift in Sources */,
				1AC5CB1222DA7807009B7190 /* TeslaSwift+Combine.swift in Sources */,
				7D161BA01E9DC805001C89ED /* StreamEvent.swift in Sources */,
				CF1BD5931DD5041800E4C493 /* ChargeLimitPercentageCommandOptions.swift in Sources */,
				CFB5D7B71E66088F003EA1EF /* ErrorMessage.swift in Sources */,
				65F055182173DB3D00BE3BE5 /* ShareToVehicleOptions.swift in Sources */,
				176F073B2219E25A000877D7 /* RemoteSeatHeaterRequestOptions.swift in Sources */,
				1759B7422228D3210032EB4C /* SentryModeCommandOptions.swift in Sources */,
				170D32D322D0EBCD00B6A51A /* NearbyChargingSites.swift in Sources */,
				CFD2E7E81C8A13F20005E882 /* TeslaSwift.swift in Sources */,
				CF0D2F3B1D95A4A900E5A304 /* VehicleState.swift in Sources */,
				CF0D2F271D95A4A900E5A304 /* ChargeState.swift in Sources */,
				1787516D221C393700B840DD /* RemoteSteeringWheelHeaterRequestOptions.swift in Sources */,
				CFF001A81E755CF800B8139B /* VehicleExtended.swift in Sources */,
				CF0D2F351D95A4A900E5A304 /* ValetCommandOptions.swift in Sources */,
				CF14238D1DF360A500CB4D96 /* ViewController+TeslaSwift.swift in Sources */,
				CFF048021F72EDC7006B52F7 /* Distance.swift in Sources */,
				CF0D2F371D95A4A900E5A304 /* Vehicle.swift in Sources */,
				CFD2E7C51C8A13D60005E882 /* AppDelegate.swift in Sources */,
				CF0D2F2B1D95A4A900E5A304 /* CommandResponse.swift in Sources */,
				CF0D2F291D95A4A900E5A304 /* ClimateState.swift in Sources */,
				CF0D2F251D95A4A900E5A304 /* Authentication.swift in Sources */,
				CF1BD5991DD505EF00E4C493 /* SetSunRoofCommandOptions.swift in Sources */,
				1AEE6AA1235C815A00A6CE2C /* StreamControl.swift in Sources */,
				CF0D2F311D95A4A900E5A304 /* GuiSettings.swift in Sources */,
				1AE27F7722D91DE900456310 /* TeslaSwift+PromiseKit.swift in Sources */,
				CF1BD5961DD5051600E4C493 /* SetTemperatureCommandOptions.swift in Sources */,
				CFEAF13D1EACEE550003FA6E /* TeslaStreaming.swift in Sources */,
				CFF001AC1E7561EB00B8139B /* VehicleConfig.swift in Sources */,
				CF0D2F2D1D95A4A900E5A304 /* DriveState.swift in Sources */,
				650A507D218ABAEF0068EC13 /* SoftwareUpdate.swift in Sources */,
				CFAE278F1F76644300D28079 /* Codable+JSONString.swift in Sources */,
				CF0D2F331D95A4A900E5A304 /* OpenTrunkOptions.swift in Sources */,
				1AA73E86235B37560088D66A /* HomeLinkCommandOptions.swift in Sources */,
				CF1BD59C1DD5070100E4C493 /* RemoteStartDriveCommandOptions.swift in Sources */,
				CFD2E7C71C8A13D60005E882 /* FirstViewController.swift in Sources */,
				CFF06D031FB639B8003320E3 /* StreamViewController.swift in Sources */,
				1A5ED54C233A2C84001B3809 /* TeslaSwift+Rx.swift in Sources */,
				CF3F851A21C51FC30086B564 /* SpeedLimitOptions.swift in Sources */,
			);
			runOnlyForDeploymentPostprocessing = 0;
		};
		CFD2E7D31C8A13D60005E882 /* Sources */ = {
			isa = PBXSourcesBuildPhase;
			buildActionMask = 2147483647;
			files = (
				176F073E2219ECF6000877D7 /* RemoteSeatHeaterRequestOptions.swift in Sources */,
				1AA73E87235B37560088D66A /* HomeLinkCommandOptions.swift in Sources */,
				CF0D2F381D95A4A900E5A304 /* Vehicle.swift in Sources */,
				CF0D2F261D95A4A900E5A304 /* Authentication.swift in Sources */,
				CF5FF50E21AADC3E007B6306 /* ShareToVehicleOptions.swift in Sources */,
				CF0D2F301D95A4A900E5A304 /* GenericResponse.swift in Sources */,
				CFEAF13E1EACEE550003FA6E /* TeslaStreaming.swift in Sources */,
				CF0D2F2E1D95A4A900E5A304 /* DriveState.swift in Sources */,
				CF1BD59A1DD505EF00E4C493 /* SetSunRoofCommandOptions.swift in Sources */,
				1AA73E8D235B3FA40088D66A /* MaxDefrostCommandOptions.swift in Sources */,
				CF1BD59D1DD5070100E4C493 /* RemoteStartDriveCommandOptions.swift in Sources */,
				CF0D2F281D95A4A900E5A304 /* ChargeState.swift in Sources */,
				CFF048031F72EE15006B52F7 /* Distance.swift in Sources */,
				CFF5CFFF1EABD1AB00655B81 /* StreamEvent.swift in Sources */,
				CF1BD5941DD5041800E4C493 /* ChargeLimitPercentageCommandOptions.swift in Sources */,
				CF0D2F2A1D95A4A900E5A304 /* ClimateState.swift in Sources */,
				CF0D2F341D95A4A900E5A304 /* OpenTrunkOptions.swift in Sources */,
				CFD2E7DC1C8A13D60005E882 /* TeslaSwiftTests.swift in Sources */,
				CF0D2F3C1D95A4A900E5A304 /* VehicleState.swift in Sources */,
				CF1BD5971DD5051600E4C493 /* SetTemperatureCommandOptions.swift in Sources */,
				CF0D2F2C1D95A4A900E5A304 /* CommandResponse.swift in Sources */,
				CF0D2F321D95A4A900E5A304 /* GuiSettings.swift in Sources */,
				CF4D4D0E1D81F46000CCE6ED /* TeslaSwift.swift in Sources */,
				CFF001AD1E7561EB00B8139B /* VehicleConfig.swift in Sources */,
				CFAE27901F76644400D28079 /* Codable+JSONString.swift in Sources */,
				1A5ED54D233A2C8E001B3809 /* TeslaSwift+Rx.swift in Sources */,
				17875171221C4C7700B840DD /* RemoteSteeringWheelHeaterRequestOptions.swift in Sources */,
				170D32D622D0EE4D00B6A51A /* NearbyChargingSites.swift in Sources */,
				CF0D2F361D95A4A900E5A304 /* ValetCommandOptions.swift in Sources */,
				CFF001A91E755CF800B8139B /* VehicleExtended.swift in Sources */,
				CF3F851B21C51FC30086B564 /* SpeedLimitOptions.swift in Sources */,
				1AA73E8A235B3A960088D66A /* WindowControlCommandOptions.swift in Sources */,
				650A507E218ABAEF0068EC13 /* SoftwareUpdate.swift in Sources */,
				CFB5D7B81E66088F003EA1EF /* ErrorMessage.swift in Sources */,
				1AEE6AA2235C815A00A6CE2C /* StreamControl.swift in Sources */,
				1759B7432228D3210032EB4C /* SentryModeCommandOptions.swift in Sources */,
				1AC5CB1322DA7807009B7190 /* TeslaSwift+Combine.swift in Sources */,
				1AE27F7822D91DE900456310 /* TeslaSwift+PromiseKit.swift in Sources */,
				CF4D4D0F1D81F46B00CCE6ED /* TeslaEndpoint.swift in Sources */,
			);
			runOnlyForDeploymentPostprocessing = 0;
		};
/* End PBXSourcesBuildPhase section */

/* Begin PBXTargetDependency section */
		CFD2E7D91C8A13D60005E882 /* PBXTargetDependency */ = {
			isa = PBXTargetDependency;
			target = CFD2E7C01C8A13D60005E882 /* TeslaSwift */;
			targetProxy = CFD2E7D81C8A13D60005E882 /* PBXContainerItemProxy */;
		};
/* End PBXTargetDependency section */

/* Begin PBXVariantGroup section */
		CFD2E7CA1C8A13D60005E882 /* Main.storyboard */ = {
			isa = PBXVariantGroup;
			children = (
				CFD2E7CB1C8A13D60005E882 /* Base */,
			);
			name = Main.storyboard;
			sourceTree = "<group>";
		};
		CFD2E7CF1C8A13D60005E882 /* LaunchScreen.storyboard */ = {
			isa = PBXVariantGroup;
			children = (
				CFD2E7D01C8A13D60005E882 /* Base */,
			);
			name = LaunchScreen.storyboard;
			sourceTree = "<group>";
		};
/* End PBXVariantGroup section */

/* Begin XCBuildConfiguration section */
		CFD2E7DE1C8A13D60005E882 /* Debug */ = {
			isa = XCBuildConfiguration;
			buildSettings = {
				ALWAYS_SEARCH_USER_PATHS = NO;
				CLANG_ANALYZER_LOCALIZABILITY_NONLOCALIZED = YES;
				CLANG_CXX_LANGUAGE_STANDARD = "gnu++0x";
				CLANG_CXX_LIBRARY = "libc++";
				CLANG_ENABLE_MODULES = YES;
				CLANG_ENABLE_OBJC_ARC = YES;
				CLANG_WARN_BLOCK_CAPTURE_AUTORELEASING = YES;
				CLANG_WARN_BOOL_CONVERSION = YES;
				CLANG_WARN_COMMA = YES;
				CLANG_WARN_CONSTANT_CONVERSION = YES;
				CLANG_WARN_DEPRECATED_OBJC_IMPLEMENTATIONS = YES;
				CLANG_WARN_DIRECT_OBJC_ISA_USAGE = YES_ERROR;
				CLANG_WARN_EMPTY_BODY = YES;
				CLANG_WARN_ENUM_CONVERSION = YES;
				CLANG_WARN_INFINITE_RECURSION = YES;
				CLANG_WARN_INT_CONVERSION = YES;
				CLANG_WARN_NON_LITERAL_NULL_CONVERSION = YES;
				CLANG_WARN_OBJC_IMPLICIT_RETAIN_SELF = YES;
				CLANG_WARN_OBJC_LITERAL_CONVERSION = YES;
				CLANG_WARN_OBJC_ROOT_CLASS = YES_ERROR;
				CLANG_WARN_RANGE_LOOP_ANALYSIS = YES;
				CLANG_WARN_STRICT_PROTOTYPES = YES;
				CLANG_WARN_SUSPICIOUS_MOVE = YES;
				CLANG_WARN_UNREACHABLE_CODE = YES;
				CLANG_WARN__DUPLICATE_METHOD_MATCH = YES;
				"CODE_SIGN_IDENTITY[sdk=iphoneos*]" = "iPhone Developer";
				COPY_PHASE_STRIP = NO;
				DEBUG_INFORMATION_FORMAT = dwarf;
				ENABLE_STRICT_OBJC_MSGSEND = YES;
				ENABLE_TESTABILITY = YES;
				GCC_C_LANGUAGE_STANDARD = gnu99;
				GCC_DYNAMIC_NO_PIC = NO;
				GCC_NO_COMMON_BLOCKS = YES;
				GCC_OPTIMIZATION_LEVEL = 0;
				GCC_PREPROCESSOR_DEFINITIONS = (
					"DEBUG=1",
					"$(inherited)",
				);
				GCC_WARN_64_TO_32_BIT_CONVERSION = YES;
				GCC_WARN_ABOUT_RETURN_TYPE = YES_ERROR;
				GCC_WARN_UNDECLARED_SELECTOR = YES;
				GCC_WARN_UNINITIALIZED_AUTOS = YES_AGGRESSIVE;
				GCC_WARN_UNUSED_FUNCTION = YES;
				GCC_WARN_UNUSED_VARIABLE = YES;
				IPHONEOS_DEPLOYMENT_TARGET = 9.0;
				MTL_ENABLE_DEBUG_INFO = YES;
				ONLY_ACTIVE_ARCH = YES;
				SDKROOT = iphoneos;
				SWIFT_OPTIMIZATION_LEVEL = "-Onone";
			};
			name = Debug;
		};
		CFD2E7DF1C8A13D60005E882 /* Release */ = {
			isa = XCBuildConfiguration;
			buildSettings = {
				ALWAYS_SEARCH_USER_PATHS = NO;
				CLANG_ANALYZER_LOCALIZABILITY_NONLOCALIZED = YES;
				CLANG_CXX_LANGUAGE_STANDARD = "gnu++0x";
				CLANG_CXX_LIBRARY = "libc++";
				CLANG_ENABLE_MODULES = YES;
				CLANG_ENABLE_OBJC_ARC = YES;
				CLANG_WARN_BLOCK_CAPTURE_AUTORELEASING = YES;
				CLANG_WARN_BOOL_CONVERSION = YES;
				CLANG_WARN_COMMA = YES;
				CLANG_WARN_CONSTANT_CONVERSION = YES;
				CLANG_WARN_DEPRECATED_OBJC_IMPLEMENTATIONS = YES;
				CLANG_WARN_DIRECT_OBJC_ISA_USAGE = YES_ERROR;
				CLANG_WARN_EMPTY_BODY = YES;
				CLANG_WARN_ENUM_CONVERSION = YES;
				CLANG_WARN_INFINITE_RECURSION = YES;
				CLANG_WARN_INT_CONVERSION = YES;
				CLANG_WARN_NON_LITERAL_NULL_CONVERSION = YES;
				CLANG_WARN_OBJC_IMPLICIT_RETAIN_SELF = YES;
				CLANG_WARN_OBJC_LITERAL_CONVERSION = YES;
				CLANG_WARN_OBJC_ROOT_CLASS = YES_ERROR;
				CLANG_WARN_RANGE_LOOP_ANALYSIS = YES;
				CLANG_WARN_STRICT_PROTOTYPES = YES;
				CLANG_WARN_SUSPICIOUS_MOVE = YES;
				CLANG_WARN_UNREACHABLE_CODE = YES;
				CLANG_WARN__DUPLICATE_METHOD_MATCH = YES;
				"CODE_SIGN_IDENTITY[sdk=iphoneos*]" = "iPhone Developer";
				COPY_PHASE_STRIP = NO;
				DEBUG_INFORMATION_FORMAT = "dwarf-with-dsym";
				ENABLE_NS_ASSERTIONS = NO;
				ENABLE_STRICT_OBJC_MSGSEND = YES;
				GCC_C_LANGUAGE_STANDARD = gnu99;
				GCC_NO_COMMON_BLOCKS = YES;
				GCC_WARN_64_TO_32_BIT_CONVERSION = YES;
				GCC_WARN_ABOUT_RETURN_TYPE = YES_ERROR;
				GCC_WARN_UNDECLARED_SELECTOR = YES;
				GCC_WARN_UNINITIALIZED_AUTOS = YES_AGGRESSIVE;
				GCC_WARN_UNUSED_FUNCTION = YES;
				GCC_WARN_UNUSED_VARIABLE = YES;
				IPHONEOS_DEPLOYMENT_TARGET = 9.0;
				MTL_ENABLE_DEBUG_INFO = NO;
				SDKROOT = iphoneos;
				SWIFT_OPTIMIZATION_LEVEL = "-Owholemodule";
				VALIDATE_PRODUCT = YES;
			};
			name = Release;
		};
		CFD2E7E11C8A13D60005E882 /* Debug */ = {
			isa = XCBuildConfiguration;
			baseConfigurationReference = 507DE01A16E7BC28AE46813C /* Pods-TeslaSwift.debug.xcconfig */;
			buildSettings = {
				ALWAYS_EMBED_SWIFT_STANDARD_LIBRARIES = YES;
				ASSETCATALOG_COMPILER_APPICON_NAME = AppIcon;
				DEVELOPMENT_TEAM = RMBS8HAUHZ;
				INFOPLIST_FILE = "$(SRCROOT)/Info.plist";
				IPHONEOS_DEPLOYMENT_TARGET = 12.2;
				LD_RUNPATH_SEARCH_PATHS = "$(inherited) @executable_path/Frameworks";
				PRODUCT_BUNDLE_IDENTIFIER = joao.TeslaSwift;
				PRODUCT_NAME = "$(TARGET_NAME)";
				SWIFT_VERSION = 5.0;
			};
			name = Debug;
		};
		CFD2E7E21C8A13D60005E882 /* Release */ = {
			isa = XCBuildConfiguration;
			baseConfigurationReference = 4F4E32676B9AA496A9E76FC3 /* Pods-TeslaSwift.release.xcconfig */;
			buildSettings = {
				ALWAYS_EMBED_SWIFT_STANDARD_LIBRARIES = YES;
				ASSETCATALOG_COMPILER_APPICON_NAME = AppIcon;
				DEVELOPMENT_TEAM = RMBS8HAUHZ;
				INFOPLIST_FILE = "$(SRCROOT)/Info.plist";
				IPHONEOS_DEPLOYMENT_TARGET = 12.2;
				LD_RUNPATH_SEARCH_PATHS = "$(inherited) @executable_path/Frameworks";
				PRODUCT_BUNDLE_IDENTIFIER = joao.TeslaSwift;
				PRODUCT_NAME = "$(TARGET_NAME)";
				SWIFT_VERSION = 5.0;
			};
			name = Release;
		};
		CFD2E7E41C8A13D60005E882 /* Debug */ = {
			isa = XCBuildConfiguration;
			baseConfigurationReference = E6CE3C92808A0629E156F4D1 /* Pods-TeslaSwift-TeslaSwiftTests.debug.xcconfig */;
			buildSettings = {
				ALWAYS_EMBED_SWIFT_STANDARD_LIBRARIES = YES;
				CLANG_ENABLE_CODE_COVERAGE = NO;
				"CODE_SIGN_IDENTITY[sdk=iphoneos*]" = "iPhone Developer";
				DEVELOPMENT_TEAM = "";
				FRAMEWORK_SEARCH_PATHS = "$(inherited)";
				INFOPLIST_FILE = ../TeslaSwiftTests/Info.plist;
				IPHONEOS_DEPLOYMENT_TARGET = 12.2;
				LD_RUNPATH_SEARCH_PATHS = "$(inherited) @executable_path/Frameworks @loader_path/Frameworks";
				PRODUCT_BUNDLE_IDENTIFIER = joao.TeslaSwiftTests;
				PRODUCT_NAME = "$(TARGET_NAME)";
				SWIFT_VERSION = 5.0;
			};
			name = Debug;
		};
		CFD2E7E51C8A13D60005E882 /* Release */ = {
			isa = XCBuildConfiguration;
			baseConfigurationReference = 12B3E002E01A2F394D2418B5 /* Pods-TeslaSwift-TeslaSwiftTests.release.xcconfig */;
			buildSettings = {
				ALWAYS_EMBED_SWIFT_STANDARD_LIBRARIES = YES;
				CLANG_ENABLE_CODE_COVERAGE = NO;
				"CODE_SIGN_IDENTITY[sdk=iphoneos*]" = "iPhone Developer";
				DEVELOPMENT_TEAM = "";
				FRAMEWORK_SEARCH_PATHS = "$(inherited)";
				INFOPLIST_FILE = ../TeslaSwiftTests/Info.plist;
				IPHONEOS_DEPLOYMENT_TARGET = 12.2;
				LD_RUNPATH_SEARCH_PATHS = "$(inherited) @executable_path/Frameworks @loader_path/Frameworks";
				PRODUCT_BUNDLE_IDENTIFIER = joao.TeslaSwiftTests;
				PRODUCT_NAME = "$(TARGET_NAME)";
				SWIFT_VERSION = 5.0;
			};
			name = Release;
		};
/* End XCBuildConfiguration section */

/* Begin XCConfigurationList section */
		CFD2E7BC1C8A13D60005E882 /* Build configuration list for PBXProject "TeslaSwift" */ = {
			isa = XCConfigurationList;
			buildConfigurations = (
				CFD2E7DE1C8A13D60005E882 /* Debug */,
				CFD2E7DF1C8A13D60005E882 /* Release */,
			);
			defaultConfigurationIsVisible = 0;
			defaultConfigurationName = Release;
		};
		CFD2E7E01C8A13D60005E882 /* Build configuration list for PBXNativeTarget "TeslaSwift" */ = {
			isa = XCConfigurationList;
			buildConfigurations = (
				CFD2E7E11C8A13D60005E882 /* Debug */,
				CFD2E7E21C8A13D60005E882 /* Release */,
			);
			defaultConfigurationIsVisible = 0;
			defaultConfigurationName = Release;
		};
		CFD2E7E31C8A13D60005E882 /* Build configuration list for PBXNativeTarget "TeslaSwiftTests" */ = {
			isa = XCConfigurationList;
			buildConfigurations = (
				CFD2E7E41C8A13D60005E882 /* Debug */,
				CFD2E7E51C8A13D60005E882 /* Release */,
			);
			defaultConfigurationIsVisible = 0;
			defaultConfigurationName = Release;
		};
/* End XCConfigurationList section */
	};
	rootObject = CFD2E7B91C8A13D60005E882 /* Project object */;
}
