// !$*UTF8*$!
{
	archiveVersion = 1;
	classes = {
	};
	objectVersion = 46;
	objects = {

/* Begin PBXBuildFile section */
		9395728EB21CC315B0F1F262 /* Pods.framework in Frameworks */ = {isa = PBXBuildFile; fileRef = 663732209E4E55CAD3A287C6 /* Pods.framework */; };
		CF22AC211C8AD16600D80559 /* Future+Extensions.swift in Sources */ = {isa = PBXBuildFile; fileRef = CF22AC201C8AD16600D80559 /* Future+Extensions.swift */; };
		CF22AC221C8AD16600D80559 /* Future+Extensions.swift in Sources */ = {isa = PBXBuildFile; fileRef = CF22AC201C8AD16600D80559 /* Future+Extensions.swift */; };
		CF22AC251C8AE61000D80559 /* Vehicle.swift in Sources */ = {isa = PBXBuildFile; fileRef = CF22AC241C8AE61000D80559 /* Vehicle.swift */; };
		CF22AC261C8AE61000D80559 /* Vehicle.swift in Sources */ = {isa = PBXBuildFile; fileRef = CF22AC241C8AE61000D80559 /* Vehicle.swift */; };
		CF48FA971C8B039F00B1DA93 /* TeslaSwift.podspec in Resources */ = {isa = PBXBuildFile; fileRef = CF48FA961C8B039F00B1DA93 /* TeslaSwift.podspec */; };
		CF48FA991C8B08AC00B1DA93 /* TabController.swift in Sources */ = {isa = PBXBuildFile; fileRef = CF48FA981C8B08AC00B1DA93 /* TabController.swift */; };
		CF48FA9B1C8B09C500B1DA93 /* LoginViewController.swift in Sources */ = {isa = PBXBuildFile; fileRef = CF48FA9A1C8B09C500B1DA93 /* LoginViewController.swift */; };
		CFD2E7C51C8A13D60005E882 /* AppDelegate.swift in Sources */ = {isa = PBXBuildFile; fileRef = CFD2E7C41C8A13D60005E882 /* AppDelegate.swift */; };
		CFD2E7C71C8A13D60005E882 /* FirstViewController.swift in Sources */ = {isa = PBXBuildFile; fileRef = CFD2E7C61C8A13D60005E882 /* FirstViewController.swift */; };
		CFD2E7C91C8A13D60005E882 /* SecondViewController.swift in Sources */ = {isa = PBXBuildFile; fileRef = CFD2E7C81C8A13D60005E882 /* SecondViewController.swift */; };
		CFD2E7CC1C8A13D60005E882 /* Main.storyboard in Resources */ = {isa = PBXBuildFile; fileRef = CFD2E7CA1C8A13D60005E882 /* Main.storyboard */; };
		CFD2E7CE1C8A13D60005E882 /* Assets.xcassets in Resources */ = {isa = PBXBuildFile; fileRef = CFD2E7CD1C8A13D60005E882 /* Assets.xcassets */; };
		CFD2E7D11C8A13D60005E882 /* LaunchScreen.storyboard in Resources */ = {isa = PBXBuildFile; fileRef = CFD2E7CF1C8A13D60005E882 /* LaunchScreen.storyboard */; };
		CFD2E7DC1C8A13D60005E882 /* TeslaSwiftTests.swift in Sources */ = {isa = PBXBuildFile; fileRef = CFD2E7DB1C8A13D60005E882 /* TeslaSwiftTests.swift */; };
		CFD2E7E81C8A13F20005E882 /* TeslaSwift.swift in Sources */ = {isa = PBXBuildFile; fileRef = CFD2E7E71C8A13F20005E882 /* TeslaSwift.swift */; };
		CFD2E7E91C8A13F20005E882 /* TeslaSwift.swift in Sources */ = {isa = PBXBuildFile; fileRef = CFD2E7E71C8A13F20005E882 /* TeslaSwift.swift */; };
		CFD3BFD71C8CD8C0008315BF /* VehicleState.swift in Sources */ = {isa = PBXBuildFile; fileRef = CFD3BFD61C8CD8C0008315BF /* VehicleState.swift */; };
		CFD3BFD81C8CD8C0008315BF /* VehicleState.swift in Sources */ = {isa = PBXBuildFile; fileRef = CFD3BFD61C8CD8C0008315BF /* VehicleState.swift */; };
		CFD950641C8A306C008397BD /* Authtentication.swift in Sources */ = {isa = PBXBuildFile; fileRef = CFD950631C8A306C008397BD /* Authtentication.swift */; };
		CFD950651C8A306C008397BD /* Authtentication.swift in Sources */ = {isa = PBXBuildFile; fileRef = CFD950631C8A306C008397BD /* Authtentication.swift */; };
/* End PBXBuildFile section */

/* Begin PBXContainerItemProxy section */
		CFD2E7D81C8A13D60005E882 /* PBXContainerItemProxy */ = {
			isa = PBXContainerItemProxy;
			containerPortal = CFD2E7B91C8A13D60005E882 /* Project object */;
			proxyType = 1;
			remoteGlobalIDString = CFD2E7C01C8A13D60005E882;
			remoteInfo = TeslaSwift;
		};
/* End PBXContainerItemProxy section */

/* Begin PBXFileReference section */
		663732209E4E55CAD3A287C6 /* Pods.framework */ = {isa = PBXFileReference; explicitFileType = wrapper.framework; includeInIndex = 0; path = Pods.framework; sourceTree = BUILT_PRODUCTS_DIR; };
		7F9E44B9CD2B872D38D4B48D /* Pods.release.xcconfig */ = {isa = PBXFileReference; includeInIndex = 1; lastKnownFileType = text.xcconfig; name = Pods.release.xcconfig; path = "Pods/Target Support Files/Pods/Pods.release.xcconfig"; sourceTree = "<group>"; };
		CF22AC201C8AD16600D80559 /* Future+Extensions.swift */ = {isa = PBXFileReference; fileEncoding = 4; lastKnownFileType = sourcecode.swift; path = "Future+Extensions.swift"; sourceTree = "<group>"; };
		CF22AC241C8AE61000D80559 /* Vehicle.swift */ = {isa = PBXFileReference; fileEncoding = 4; lastKnownFileType = sourcecode.swift; path = Vehicle.swift; sourceTree = "<group>"; };
		CF30F95B1C8A2BC20067D3D9 /* Podfile */ = {isa = PBXFileReference; fileEncoding = 4; lastKnownFileType = text; path = Podfile; sourceTree = "<group>"; xcLanguageSpecificationIdentifier = xcode.lang.ruby; };
		CF48FA961C8B039F00B1DA93 /* TeslaSwift.podspec */ = {isa = PBXFileReference; fileEncoding = 4; lastKnownFileType = text; path = TeslaSwift.podspec; sourceTree = "<group>"; };
		CF48FA981C8B08AC00B1DA93 /* TabController.swift */ = {isa = PBXFileReference; fileEncoding = 4; lastKnownFileType = sourcecode.swift; path = TabController.swift; sourceTree = "<group>"; };
		CF48FA9A1C8B09C500B1DA93 /* LoginViewController.swift */ = {isa = PBXFileReference; fileEncoding = 4; lastKnownFileType = sourcecode.swift; path = LoginViewController.swift; sourceTree = "<group>"; };
		CFA037A31C8A160600FA2423 /* Package.swift */ = {isa = PBXFileReference; fileEncoding = 4; lastKnownFileType = sourcecode.swift; path = Package.swift; sourceTree = "<group>"; };
		CFD2E7C11C8A13D60005E882 /* TeslaSwift.app */ = {isa = PBXFileReference; explicitFileType = wrapper.application; includeInIndex = 0; path = TeslaSwift.app; sourceTree = BUILT_PRODUCTS_DIR; };
		CFD2E7C41C8A13D60005E882 /* AppDelegate.swift */ = {isa = PBXFileReference; lastKnownFileType = sourcecode.swift; path = AppDelegate.swift; sourceTree = "<group>"; };
		CFD2E7C61C8A13D60005E882 /* FirstViewController.swift */ = {isa = PBXFileReference; lastKnownFileType = sourcecode.swift; path = FirstViewController.swift; sourceTree = "<group>"; };
		CFD2E7C81C8A13D60005E882 /* SecondViewController.swift */ = {isa = PBXFileReference; lastKnownFileType = sourcecode.swift; path = SecondViewController.swift; sourceTree = "<group>"; };
		CFD2E7CB1C8A13D60005E882 /* Base */ = {isa = PBXFileReference; lastKnownFileType = file.storyboard; name = Base; path = Base.lproj/Main.storyboard; sourceTree = "<group>"; };
		CFD2E7CD1C8A13D60005E882 /* Assets.xcassets */ = {isa = PBXFileReference; lastKnownFileType = folder.assetcatalog; path = Assets.xcassets; sourceTree = "<group>"; };
		CFD2E7D01C8A13D60005E882 /* Base */ = {isa = PBXFileReference; lastKnownFileType = file.storyboard; name = Base; path = Base.lproj/LaunchScreen.storyboard; sourceTree = "<group>"; };
		CFD2E7D21C8A13D60005E882 /* Info.plist */ = {isa = PBXFileReference; lastKnownFileType = text.plist.xml; path = Info.plist; sourceTree = "<group>"; };
		CFD2E7D71C8A13D60005E882 /* TeslaSwiftTests.xctest */ = {isa = PBXFileReference; explicitFileType = wrapper.cfbundle; includeInIndex = 0; path = TeslaSwiftTests.xctest; sourceTree = BUILT_PRODUCTS_DIR; };
		CFD2E7DB1C8A13D60005E882 /* TeslaSwiftTests.swift */ = {isa = PBXFileReference; lastKnownFileType = sourcecode.swift; path = TeslaSwiftTests.swift; sourceTree = "<group>"; };
		CFD2E7DD1C8A13D60005E882 /* Info.plist */ = {isa = PBXFileReference; lastKnownFileType = text.plist.xml; path = Info.plist; sourceTree = "<group>"; };
		CFD2E7E71C8A13F20005E882 /* TeslaSwift.swift */ = {isa = PBXFileReference; fileEncoding = 4; lastKnownFileType = sourcecode.swift; path = TeslaSwift.swift; sourceTree = "<group>"; };
		CFD3BFD61C8CD8C0008315BF /* VehicleState.swift */ = {isa = PBXFileReference; fileEncoding = 4; lastKnownFileType = sourcecode.swift; path = VehicleState.swift; sourceTree = "<group>"; };
		CFD950631C8A306C008397BD /* Authtentication.swift */ = {isa = PBXFileReference; fileEncoding = 4; lastKnownFileType = sourcecode.swift; path = Authtentication.swift; sourceTree = "<group>"; };
		CFD950661C8A44F4008397BD /* Pods.framework */ = {isa = PBXFileReference; lastKnownFileType = wrapper.framework; name = Pods.framework; path = "Pods/../build/Debug-iphoneos/Pods.framework"; sourceTree = "<group>"; };
		FA2F328B45A7B2B2337E8D8F /* Pods.debug.xcconfig */ = {isa = PBXFileReference; includeInIndex = 1; lastKnownFileType = text.xcconfig; name = Pods.debug.xcconfig; path = "Pods/Target Support Files/Pods/Pods.debug.xcconfig"; sourceTree = "<group>"; };
/* End PBXFileReference section */

/* Begin PBXFrameworksBuildPhase section */
		CFD2E7BE1C8A13D60005E882 /* Frameworks */ = {
			isa = PBXFrameworksBuildPhase;
			buildActionMask = 2147483647;
			files = (
				9395728EB21CC315B0F1F262 /* Pods.framework in Frameworks */,
			);
			runOnlyForDeploymentPostprocessing = 0;
		};
		CFD2E7D41C8A13D60005E882 /* Frameworks */ = {
			isa = PBXFrameworksBuildPhase;
			buildActionMask = 2147483647;
			files = (
			);
			runOnlyForDeploymentPostprocessing = 0;
		};
/* End PBXFrameworksBuildPhase section */

/* Begin PBXGroup section */
		5611378719AE7994A94686E1 /* Pods */ = {
			isa = PBXGroup;
			children = (
				FA2F328B45A7B2B2337E8D8F /* Pods.debug.xcconfig */,
				7F9E44B9CD2B872D38D4B48D /* Pods.release.xcconfig */,
			);
			name = Pods;
			sourceTree = "<group>";
		};
		972A07A9A28D45E77B9699F5 /* Frameworks */ = {
			isa = PBXGroup;
			children = (
				CFD950661C8A44F4008397BD /* Pods.framework */,
				663732209E4E55CAD3A287C6 /* Pods.framework */,
			);
			name = Frameworks;
			sourceTree = "<group>";
		};
		CF22AC231C8ADB1800D80559 /* Extensions */ = {
			isa = PBXGroup;
			children = (
				CF22AC201C8AD16600D80559 /* Future+Extensions.swift */,
			);
			name = Extensions;
			sourceTree = "<group>";
		};
		CFD2E7B81C8A13D60005E882 = {
			isa = PBXGroup;
			children = (
				CF30F95B1C8A2BC20067D3D9 /* Podfile */,
				CF48FA961C8B039F00B1DA93 /* TeslaSwift.podspec */,
				CFA037A31C8A160600FA2423 /* Package.swift */,
				CFD2E7E61C8A13E20005E882 /* Sources */,
				CFD2E7C31C8A13D60005E882 /* TeslaSwiftDemo */,
				CFD2E7DA1C8A13D60005E882 /* TeslaSwiftTests */,
				CFD2E7C21C8A13D60005E882 /* Products */,
				5611378719AE7994A94686E1 /* Pods */,
				972A07A9A28D45E77B9699F5 /* Frameworks */,
			);
			sourceTree = "<group>";
		};
		CFD2E7C21C8A13D60005E882 /* Products */ = {
			isa = PBXGroup;
			children = (
				CFD2E7C11C8A13D60005E882 /* TeslaSwift.app */,
				CFD2E7D71C8A13D60005E882 /* TeslaSwiftTests.xctest */,
			);
			name = Products;
			sourceTree = "<group>";
		};
		CFD2E7C31C8A13D60005E882 /* TeslaSwiftDemo */ = {
			isa = PBXGroup;
			children = (
				CFD2E7C41C8A13D60005E882 /* AppDelegate.swift */,
				CF48FA981C8B08AC00B1DA93 /* TabController.swift */,
				CF48FA9A1C8B09C500B1DA93 /* LoginViewController.swift */,
				CFD2E7C61C8A13D60005E882 /* FirstViewController.swift */,
				CFD2E7C81C8A13D60005E882 /* SecondViewController.swift */,
				CFD2E7CA1C8A13D60005E882 /* Main.storyboard */,
				CFD2E7CD1C8A13D60005E882 /* Assets.xcassets */,
				CFD2E7CF1C8A13D60005E882 /* LaunchScreen.storyboard */,
				CFD2E7D21C8A13D60005E882 /* Info.plist */,
			);
			path = TeslaSwiftDemo;
			sourceTree = "<group>";
		};
		CFD2E7DA1C8A13D60005E882 /* TeslaSwiftTests */ = {
			isa = PBXGroup;
			children = (
				CFD2E7DB1C8A13D60005E882 /* TeslaSwiftTests.swift */,
				CFD2E7DD1C8A13D60005E882 /* Info.plist */,
			);
			path = TeslaSwiftTests;
			sourceTree = "<group>";
		};
		CFD2E7E61C8A13E20005E882 /* Sources */ = {
			isa = PBXGroup;
			children = (
				CFD2E7E71C8A13F20005E882 /* TeslaSwift.swift */,
				CFD2E7EA1C8A14050005E882 /* Model */,
				CF22AC231C8ADB1800D80559 /* Extensions */,
			);
			path = Sources;
			sourceTree = "<group>";
		};
		CFD2E7EA1C8A14050005E882 /* Model */ = {
			isa = PBXGroup;
			children = (
				CFD950631C8A306C008397BD /* Authtentication.swift */,
				CF22AC241C8AE61000D80559 /* Vehicle.swift */,
				CFD3BFD61C8CD8C0008315BF /* VehicleState.swift */,
			);
			path = Model;
			sourceTree = "<group>";
		};
/* End PBXGroup section */

/* Begin PBXNativeTarget section */
		CFD2E7C01C8A13D60005E882 /* TeslaSwift */ = {
			isa = PBXNativeTarget;
			buildConfigurationList = CFD2E7E01C8A13D60005E882 /* Build configuration list for PBXNativeTarget "TeslaSwift" */;
			buildPhases = (
				B213F20C0042FE3DE1ABC332 /* Check Pods Manifest.lock */,
				CFD2E7BD1C8A13D60005E882 /* Sources */,
				CFD2E7BE1C8A13D60005E882 /* Frameworks */,
				CFD2E7BF1C8A13D60005E882 /* Resources */,
				AB4B126F7F9DCEFAB222717B /* Embed Pods Frameworks */,
				3BB1882964CB6E6D160841C4 /* Copy Pods Resources */,
			);
			buildRules = (
			);
			dependencies = (
			);
			name = TeslaSwift;
			productName = TeslaSwift;
			productReference = CFD2E7C11C8A13D60005E882 /* TeslaSwift.app */;
			productType = "com.apple.product-type.application";
		};
		CFD2E7D61C8A13D60005E882 /* TeslaSwiftTests */ = {
			isa = PBXNativeTarget;
			buildConfigurationList = CFD2E7E31C8A13D60005E882 /* Build configuration list for PBXNativeTarget "TeslaSwiftTests" */;
			buildPhases = (
				CFD2E7D31C8A13D60005E882 /* Sources */,
				CFD2E7D41C8A13D60005E882 /* Frameworks */,
				CFD2E7D51C8A13D60005E882 /* Resources */,
			);
			buildRules = (
			);
			dependencies = (
				CFD2E7D91C8A13D60005E882 /* PBXTargetDependency */,
			);
			name = TeslaSwiftTests;
			productName = TeslaSwiftTests;
			productReference = CFD2E7D71C8A13D60005E882 /* TeslaSwiftTests.xctest */;
			productType = "com.apple.product-type.bundle.unit-test";
		};
/* End PBXNativeTarget section */

/* Begin PBXProject section */
		CFD2E7B91C8A13D60005E882 /* Project object */ = {
			isa = PBXProject;
			attributes = {
				LastSwiftUpdateCheck = 0720;
				LastUpgradeCheck = 0720;
				ORGANIZATIONNAME = "Joao Nunes";
				TargetAttributes = {
					CFD2E7C01C8A13D60005E882 = {
						CreatedOnToolsVersion = 7.2.1;
					};
					CFD2E7D61C8A13D60005E882 = {
						CreatedOnToolsVersion = 7.2.1;
					};
				};
			};
			buildConfigurationList = CFD2E7BC1C8A13D60005E882 /* Build configuration list for PBXProject "TeslaSwift" */;
			compatibilityVersion = "Xcode 3.2";
			developmentRegion = English;
			hasScannedForEncodings = 0;
			knownRegions = (
				en,
				Base,
			);
			mainGroup = CFD2E7B81C8A13D60005E882;
			productRefGroup = CFD2E7C21C8A13D60005E882 /* Products */;
			projectDirPath = "";
			projectRoot = "";
			targets = (
				CFD2E7C01C8A13D60005E882 /* TeslaSwift */,
				CFD2E7D61C8A13D60005E882 /* TeslaSwiftTests */,
			);
		};
/* End PBXProject section */

/* Begin PBXResourcesBuildPhase section */
		CFD2E7BF1C8A13D60005E882 /* Resources */ = {
			isa = PBXResourcesBuildPhase;
			buildActionMask = 2147483647;
			files = (
				CF48FA971C8B039F00B1DA93 /* TeslaSwift.podspec in Resources */,
				CFD2E7D11C8A13D60005E882 /* LaunchScreen.storyboard in Resources */,
				CFD2E7CE1C8A13D60005E882 /* Assets.xcassets in Resources */,
				CFD2E7CC1C8A13D60005E882 /* Main.storyboard in Resources */,
			);
			runOnlyForDeploymentPostprocessing = 0;
		};
		CFD2E7D51C8A13D60005E882 /* Resources */ = {
			isa = PBXResourcesBuildPhase;
			buildActionMask = 2147483647;
			files = (
			);
			runOnlyForDeploymentPostprocessing = 0;
		};
/* End PBXResourcesBuildPhase section */

/* Begin PBXShellScriptBuildPhase section */
		3BB1882964CB6E6D160841C4 /* Copy Pods Resources */ = {
			isa = PBXShellScriptBuildPhase;
			buildActionMask = 2147483647;
			files = (
			);
			inputPaths = (
			);
			name = "Copy Pods Resources";
			outputPaths = (
			);
			runOnlyForDeploymentPostprocessing = 0;
			shellPath = /bin/sh;
			shellScript = "\"${SRCROOT}/Pods/Target Support Files/Pods/Pods-resources.sh\"\n";
			showEnvVarsInLog = 0;
		};
		AB4B126F7F9DCEFAB222717B /* Embed Pods Frameworks */ = {
			isa = PBXShellScriptBuildPhase;
			buildActionMask = 2147483647;
			files = (
			);
			inputPaths = (
			);
			name = "Embed Pods Frameworks";
			outputPaths = (
			);
			runOnlyForDeploymentPostprocessing = 0;
			shellPath = /bin/sh;
			shellScript = "\"${SRCROOT}/Pods/Target Support Files/Pods/Pods-frameworks.sh\"\n";
			showEnvVarsInLog = 0;
		};
		B213F20C0042FE3DE1ABC332 /* Check Pods Manifest.lock */ = {
			isa = PBXShellScriptBuildPhase;
			buildActionMask = 2147483647;
			files = (
			);
			inputPaths = (
			);
			name = "Check Pods Manifest.lock";
			outputPaths = (
			);
			runOnlyForDeploymentPostprocessing = 0;
			shellPath = /bin/sh;
			shellScript = "diff \"${PODS_ROOT}/../Podfile.lock\" \"${PODS_ROOT}/Manifest.lock\" > /dev/null\nif [[ $? != 0 ]] ; then\n    cat << EOM\nerror: The sandbox is not in sync with the Podfile.lock. Run 'pod install' or update your CocoaPods installation.\nEOM\n    exit 1\nfi\n";
			showEnvVarsInLog = 0;
		};
/* End PBXShellScriptBuildPhase section */

/* Begin PBXSourcesBuildPhase section */
		CFD2E7BD1C8A13D60005E882 /* Sources */ = {
			isa = PBXSourcesBuildPhase;
			buildActionMask = 2147483647;
			files = (
				CF48FA9B1C8B09C500B1DA93 /* LoginViewController.swift in Sources */,
				CFD2E7C91C8A13D60005E882 /* SecondViewController.swift in Sources */,
				CF48FA991C8B08AC00B1DA93 /* TabController.swift in Sources */,
				CFD2E7E81C8A13F20005E882 /* TeslaSwift.swift in Sources */,
				CFD3BFD71C8CD8C0008315BF /* VehicleState.swift in Sources */,
				CF22AC211C8AD16600D80559 /* Future+Extensions.swift in Sources */,
				CFD2E7C51C8A13D60005E882 /* AppDelegate.swift in Sources */,
				CF22AC251C8AE61000D80559 /* Vehicle.swift in Sources */,
				CFD950641C8A306C008397BD /* Authtentication.swift in Sources */,
				CFD2E7C71C8A13D60005E882 /* FirstViewController.swift in Sources */,
			);
			runOnlyForDeploymentPostprocessing = 0;
		};
		CFD2E7D31C8A13D60005E882 /* Sources */ = {
			isa = PBXSourcesBuildPhase;
			buildActionMask = 2147483647;
			files = (
				CFD3BFD81C8CD8C0008315BF /* VehicleState.swift in Sources */,
				CF22AC221C8AD16600D80559 /* Future+Extensions.swift in Sources */,
				CFD2E7DC1C8A13D60005E882 /* TeslaSwiftTests.swift in Sources */,
				CFD2E7E91C8A13F20005E882 /* TeslaSwift.swift in Sources */,
				CF22AC261C8AE61000D80559 /* Vehicle.swift in Sources */,
				CFD950651C8A306C008397BD /* Authtentication.swift in Sources */,
			);
			runOnlyForDeploymentPostprocessing = 0;
		};
/* End PBXSourcesBuildPhase section */

/* Begin PBXTargetDependency section */
		CFD2E7D91C8A13D60005E882 /* PBXTargetDependency */ = {
			isa = PBXTargetDependency;
			target = CFD2E7C01C8A13D60005E882 /* TeslaSwift */;
			targetProxy = CFD2E7D81C8A13D60005E882 /* PBXContainerItemProxy */;
		};
/* End PBXTargetDependency section */

/* Begin PBXVariantGroup section */
		CFD2E7CA1C8A13D60005E882 /* Main.storyboard */ = {
			isa = PBXVariantGroup;
			children = (
				CFD2E7CB1C8A13D60005E882 /* Base */,
			);
			name = Main.storyboard;
			sourceTree = "<group>";
		};
		CFD2E7CF1C8A13D60005E882 /* LaunchScreen.storyboard */ = {
			isa = PBXVariantGroup;
			children = (
				CFD2E7D01C8A13D60005E882 /* Base */,
			);
			name = LaunchScreen.storyboard;
			sourceTree = "<group>";
		};
/* End PBXVariantGroup section */

/* Begin XCBuildConfiguration section */
		CFD2E7DE1C8A13D60005E882 /* Debug */ = {
			isa = XCBuildConfiguration;
			buildSettings = {
				ALWAYS_SEARCH_USER_PATHS = NO;
				CLANG_CXX_LANGUAGE_STANDARD = "gnu++0x";
				CLANG_CXX_LIBRARY = "libc++";
				CLANG_ENABLE_MODULES = YES;
				CLANG_ENABLE_OBJC_ARC = YES;
				CLANG_WARN_BOOL_CONVERSION = YES;
				CLANG_WARN_CONSTANT_CONVERSION = YES;
				CLANG_WARN_DIRECT_OBJC_ISA_USAGE = YES_ERROR;
				CLANG_WARN_EMPTY_BODY = YES;
				CLANG_WARN_ENUM_CONVERSION = YES;
				CLANG_WARN_INT_CONVERSION = YES;
				CLANG_WARN_OBJC_ROOT_CLASS = YES_ERROR;
				CLANG_WARN_UNREACHABLE_CODE = YES;
				CLANG_WARN__DUPLICATE_METHOD_MATCH = YES;
				"CODE_SIGN_IDENTITY[sdk=iphoneos*]" = "iPhone Developer";
				COPY_PHASE_STRIP = NO;
				DEBUG_INFORMATION_FORMAT = dwarf;
				ENABLE_STRICT_OBJC_MSGSEND = YES;
				ENABLE_TESTABILITY = YES;
				GCC_C_LANGUAGE_STANDARD = gnu99;
				GCC_DYNAMIC_NO_PIC = NO;
				GCC_NO_COMMON_BLOCKS = YES;
				GCC_OPTIMIZATION_LEVEL = 0;
				GCC_PREPROCESSOR_DEFINITIONS = (
					"DEBUG=1",
					"$(inherited)",
				);
				GCC_WARN_64_TO_32_BIT_CONVERSION = YES;
				GCC_WARN_ABOUT_RETURN_TYPE = YES_ERROR;
				GCC_WARN_UNDECLARED_SELECTOR = YES;
				GCC_WARN_UNINITIALIZED_AUTOS = YES_AGGRESSIVE;
				GCC_WARN_UNUSED_FUNCTION = YES;
				GCC_WARN_UNUSED_VARIABLE = YES;
				IPHONEOS_DEPLOYMENT_TARGET = 8.0;
				MTL_ENABLE_DEBUG_INFO = YES;
				ONLY_ACTIVE_ARCH = YES;
				SDKROOT = iphoneos;
				SWIFT_OPTIMIZATION_LEVEL = "-Onone";
			};
			name = Debug;
		};
		CFD2E7DF1C8A13D60005E882 /* Release */ = {
			isa = XCBuildConfiguration;
			buildSettings = {
				ALWAYS_SEARCH_USER_PATHS = NO;
				CLANG_CXX_LANGUAGE_STANDARD = "gnu++0x";
				CLANG_CXX_LIBRARY = "libc++";
				CLANG_ENABLE_MODULES = YES;
				CLANG_ENABLE_OBJC_ARC = YES;
				CLANG_WARN_BOOL_CONVERSION = YES;
				CLANG_WARN_CONSTANT_CONVERSION = YES;
				CLANG_WARN_DIRECT_OBJC_ISA_USAGE = YES_ERROR;
				CLANG_WARN_EMPTY_BODY = YES;
				CLANG_WARN_ENUM_CONVERSION = YES;
				CLANG_WARN_INT_CONVERSION = YES;
				CLANG_WARN_OBJC_ROOT_CLASS = YES_ERROR;
				CLANG_WARN_UNREACHABLE_CODE = YES;
				CLANG_WARN__DUPLICATE_METHOD_MATCH = YES;
				"CODE_SIGN_IDENTITY[sdk=iphoneos*]" = "iPhone Developer";
				COPY_PHASE_STRIP = NO;
				DEBUG_INFORMATION_FORMAT = "dwarf-with-dsym";
				ENABLE_NS_ASSERTIONS = NO;
				ENABLE_STRICT_OBJC_MSGSEND = YES;
				GCC_C_LANGUAGE_STANDARD = gnu99;
				GCC_NO_COMMON_BLOCKS = YES;
				GCC_WARN_64_TO_32_BIT_CONVERSION = YES;
				GCC_WARN_ABOUT_RETURN_TYPE = YES_ERROR;
				GCC_WARN_UNDECLARED_SELECTOR = YES;
				GCC_WARN_UNINITIALIZED_AUTOS = YES_AGGRESSIVE;
				GCC_WARN_UNUSED_FUNCTION = YES;
				GCC_WARN_UNUSED_VARIABLE = YES;
				IPHONEOS_DEPLOYMENT_TARGET = 8.0;
				MTL_ENABLE_DEBUG_INFO = NO;
				SDKROOT = iphoneos;
				VALIDATE_PRODUCT = YES;
			};
			name = Release;
		};
		CFD2E7E11C8A13D60005E882 /* Debug */ = {
			isa = XCBuildConfiguration;
			baseConfigurationReference = FA2F328B45A7B2B2337E8D8F /* Pods.debug.xcconfig */;
			buildSettings = {
				ASSETCATALOG_COMPILER_APPICON_NAME = AppIcon;
				INFOPLIST_FILE = "$(SRCROOT)/TeslaSwiftDemo/Info.plist";
				IPHONEOS_DEPLOYMENT_TARGET = 8.0;
				LD_RUNPATH_SEARCH_PATHS = "$(inherited) @executable_path/Frameworks";
				PRODUCT_BUNDLE_IDENTIFIER = joao.TeslaSwift;
				PRODUCT_NAME = "$(TARGET_NAME)";
			};
			name = Debug;
		};
		CFD2E7E21C8A13D60005E882 /* Release */ = {
			isa = XCBuildConfiguration;
			baseConfigurationReference = 7F9E44B9CD2B872D38D4B48D /* Pods.release.xcconfig */;
			buildSettings = {
				ASSETCATALOG_COMPILER_APPICON_NAME = AppIcon;
				INFOPLIST_FILE = "$(SRCROOT)/TeslaSwiftDemo/Info.plist";
				IPHONEOS_DEPLOYMENT_TARGET = 8.0;
				LD_RUNPATH_SEARCH_PATHS = "$(inherited) @executable_path/Frameworks";
				PRODUCT_BUNDLE_IDENTIFIER = joao.TeslaSwift;
				PRODUCT_NAME = "$(TARGET_NAME)";
			};
			name = Release;
		};
		CFD2E7E41C8A13D60005E882 /* Debug */ = {
			isa = XCBuildConfiguration;
			baseConfigurationReference = FA2F328B45A7B2B2337E8D8F /* Pods.debug.xcconfig */;
			buildSettings = {
				FRAMEWORK_SEARCH_PATHS = "$(inherited)";
				INFOPLIST_FILE = TeslaSwiftTests/Info.plist;
				LD_RUNPATH_SEARCH_PATHS = "$(inherited) @executable_path/Frameworks @loader_path/Frameworks";
				PRODUCT_BUNDLE_IDENTIFIER = joao.TeslaSwiftTests;
				PRODUCT_NAME = "$(TARGET_NAME)";
			};
			name = Debug;
		};
		CFD2E7E51C8A13D60005E882 /* Release */ = {
			isa = XCBuildConfiguration;
			buildSettings = {
				FRAMEWORK_SEARCH_PATHS = "$(inherited)";
				INFOPLIST_FILE = TeslaSwiftTests/Info.plist;
				LD_RUNPATH_SEARCH_PATHS = "$(inherited) @executable_path/Frameworks @loader_path/Frameworks";
				PRODUCT_BUNDLE_IDENTIFIER = joao.TeslaSwiftTests;
				PRODUCT_NAME = "$(TARGET_NAME)";
			};
			name = Release;
		};
/* End XCBuildConfiguration section */

/* Begin XCConfigurationList section */
		CFD2E7BC1C8A13D60005E882 /* Build configuration list for PBXProject "TeslaSwift" */ = {
			isa = XCConfigurationList;
			buildConfigurations = (
				CFD2E7DE1C8A13D60005E882 /* Debug */,
				CFD2E7DF1C8A13D60005E882 /* Release */,
			);
			defaultConfigurationIsVisible = 0;
			defaultConfigurationName = Release;
		};
		CFD2E7E01C8A13D60005E882 /* Build configuration list for PBXNativeTarget "TeslaSwift" */ = {
			isa = XCConfigurationList;
			buildConfigurations = (
				CFD2E7E11C8A13D60005E882 /* Debug */,
				CFD2E7E21C8A13D60005E882 /* Release */,
			);
			defaultConfigurationIsVisible = 0;
			defaultConfigurationName = Release;
		};
		CFD2E7E31C8A13D60005E882 /* Build configuration list for PBXNativeTarget "TeslaSwiftTests" */ = {
			isa = XCConfigurationList;
			buildConfigurations = (
				CFD2E7E41C8A13D60005E882 /* Debug */,
				CFD2E7E51C8A13D60005E882 /* Release */,
			);
			defaultConfigurationIsVisible = 0;
			defaultConfigurationName = Release;
		};
/* End XCConfigurationList section */
	};
	rootObject = CFD2E7B91C8A13D60005E882 /* Project object */;
}
